// !$*UTF8*$!
{
	archiveVersion = 1;
	classes = {
	};
	objectVersion = 48;
	objects = {

/* Begin PBXBuildFile section */
		51E88EEB914F7B14ECBD46B7 /* Pods_LearningEnglish.framework in Frameworks */ = {isa = PBXBuildFile; fileRef = AB74314B60C719C34F0375BE /* Pods_LearningEnglish.framework */; };
		DEE914751FAF03F500FA9B63 /* LEVBaseCollectionViewCell.swift in Sources */ = {isa = PBXBuildFile; fileRef = DEE914741FAF03F500FA9B63 /* LEVBaseCollectionViewCell.swift */; };
		DEE914791FAF080F00FA9B63 /* UIViewX.swift in Sources */ = {isa = PBXBuildFile; fileRef = DEE914781FAF080F00FA9B63 /* UIViewX.swift */; };
		FD1B0F4E1FAEABC400B9321D /* LogInViewController.swift in Sources */ = {isa = PBXBuildFile; fileRef = FD1B0F4C1FAEABC400B9321D /* LogInViewController.swift */; };
		FD1B0F4F1FAEABC400B9321D /* LogInViewController.xib in Resources */ = {isa = PBXBuildFile; fileRef = FD1B0F4D1FAEABC400B9321D /* LogInViewController.xib */; };
		FD1B0F511FAEAE5A00B9321D /* UIViewController+Extension.swift in Sources */ = {isa = PBXBuildFile; fileRef = FD1B0F501FAEAE5A00B9321D /* UIViewController+Extension.swift */; };
		FD1B0F531FAEAFDF00B9321D /* NSObject+Extension.swift in Sources */ = {isa = PBXBuildFile; fileRef = FD1B0F521FAEAFDF00B9321D /* NSObject+Extension.swift */; };
		FD1B0F581FAEB93700B9321D /* LEVBaseView.swift in Sources */ = {isa = PBXBuildFile; fileRef = FD1B0F571FAEB93700B9321D /* LEVBaseView.swift */; };
		FD1B0F5B1FAEB98400B9321D /* LEVTextField.swift in Sources */ = {isa = PBXBuildFile; fileRef = FD1B0F5A1FAEB98400B9321D /* LEVTextField.swift */; };
		FD1B0F5D1FAEBA4F00B9321D /* UIView+Extension.swift in Sources */ = {isa = PBXBuildFile; fileRef = FD1B0F5C1FAEBA4F00B9321D /* UIView+Extension.swift */; };
		FD1B0F601FAECE3300B9321D /* SignUpViewController.swift in Sources */ = {isa = PBXBuildFile; fileRef = FD1B0F5E1FAECE3300B9321D /* SignUpViewController.swift */; };
		FD1B0F611FAECE3300B9321D /* SignUpViewController.xib in Resources */ = {isa = PBXBuildFile; fileRef = FD1B0F5F1FAECE3300B9321D /* SignUpViewController.xib */; };
		FDCC28891FA075B2009728F1 /* AppDelegate.swift in Sources */ = {isa = PBXBuildFile; fileRef = FDCC28881FA075B2009728F1 /* AppDelegate.swift */; };
		FDCC288B1FA075B2009728F1 /* ViewController.swift in Sources */ = {isa = PBXBuildFile; fileRef = FDCC288A1FA075B2009728F1 /* ViewController.swift */; };
		FDCC288E1FA075B2009728F1 /* Main.storyboard in Resources */ = {isa = PBXBuildFile; fileRef = FDCC288C1FA075B2009728F1 /* Main.storyboard */; };
		FDCC28901FA075B2009728F1 /* Assets.xcassets in Resources */ = {isa = PBXBuildFile; fileRef = FDCC288F1FA075B2009728F1 /* Assets.xcassets */; };
		FDCC28931FA075B2009728F1 /* LaunchScreen.storyboard in Resources */ = {isa = PBXBuildFile; fileRef = FDCC28911FA075B2009728F1 /* LaunchScreen.storyboard */; };
		FDCC28AA1FA07A5B009728F1 /* StartAppViewController.swift in Sources */ = {isa = PBXBuildFile; fileRef = FDCC28A81FA07A5B009728F1 /* StartAppViewController.swift */; };
		FDCC28AB1FA07A5B009728F1 /* StartAppViewController.xib in Resources */ = {isa = PBXBuildFile; fileRef = FDCC28A91FA07A5B009728F1 /* StartAppViewController.xib */; };
		FDCC28AE1FA07AA5009728F1 /* BaseViewController.swift in Sources */ = {isa = PBXBuildFile; fileRef = FDCC28AD1FA07AA5009728F1 /* BaseViewController.swift */; };
		FDCC28B01FA07E20009728F1 /* Constant.swift in Sources */ = {isa = PBXBuildFile; fileRef = FDCC28AF1FA07E20009728F1 /* Constant.swift */; };
		FDCC28B21FA08EFE009728F1 /* Enum.swift in Sources */ = {isa = PBXBuildFile; fileRef = FDCC28B11FA08EFE009728F1 /* Enum.swift */; };
/* End PBXBuildFile section */

/* Begin PBXFileReference section */
		AB74314B60C719C34F0375BE /* Pods_LearningEnglish.framework */ = {isa = PBXFileReference; explicitFileType = wrapper.framework; includeInIndex = 0; path = Pods_LearningEnglish.framework; sourceTree = BUILT_PRODUCTS_DIR; };
		B7C2282A506E4C5F71A94DF3 /* Pods-LearningEnglish.debug.xcconfig */ = {isa = PBXFileReference; includeInIndex = 1; lastKnownFileType = text.xcconfig; name = "Pods-LearningEnglish.debug.xcconfig"; path = "Pods/Target Support Files/Pods-LearningEnglish/Pods-LearningEnglish.debug.xcconfig"; sourceTree = "<group>"; };
		BC724E86A9F9BC8A97BA0F13 /* Pods-LearningEnglish.appstore.xcconfig */ = {isa = PBXFileReference; includeInIndex = 1; lastKnownFileType = text.xcconfig; name = "Pods-LearningEnglish.appstore.xcconfig"; path = "Pods/Target Support Files/Pods-LearningEnglish/Pods-LearningEnglish.appstore.xcconfig"; sourceTree = "<group>"; };
		DEE914741FAF03F500FA9B63 /* LEVBaseCollectionViewCell.swift */ = {isa = PBXFileReference; lastKnownFileType = sourcecode.swift; path = LEVBaseCollectionViewCell.swift; sourceTree = "<group>"; };
		DEE914781FAF080F00FA9B63 /* UIViewX.swift */ = {isa = PBXFileReference; lastKnownFileType = sourcecode.swift; path = UIViewX.swift; sourceTree = "<group>"; };
		F76C6920FA06C5880C044AFC /* Pods-LearningEnglish.release.xcconfig */ = {isa = PBXFileReference; includeInIndex = 1; lastKnownFileType = text.xcconfig; name = "Pods-LearningEnglish.release.xcconfig"; path = "Pods/Target Support Files/Pods-LearningEnglish/Pods-LearningEnglish.release.xcconfig"; sourceTree = "<group>"; };
		FD1B0F4C1FAEABC400B9321D /* LogInViewController.swift */ = {isa = PBXFileReference; lastKnownFileType = sourcecode.swift; path = LogInViewController.swift; sourceTree = "<group>"; };
		FD1B0F4D1FAEABC400B9321D /* LogInViewController.xib */ = {isa = PBXFileReference; lastKnownFileType = file.xib; path = LogInViewController.xib; sourceTree = "<group>"; };
		FD1B0F501FAEAE5A00B9321D /* UIViewController+Extension.swift */ = {isa = PBXFileReference; lastKnownFileType = sourcecode.swift; path = "UIViewController+Extension.swift"; sourceTree = "<group>"; };
		FD1B0F521FAEAFDF00B9321D /* NSObject+Extension.swift */ = {isa = PBXFileReference; lastKnownFileType = sourcecode.swift; path = "NSObject+Extension.swift"; sourceTree = "<group>"; };
		FD1B0F571FAEB93700B9321D /* LEVBaseView.swift */ = {isa = PBXFileReference; lastKnownFileType = sourcecode.swift; path = LEVBaseView.swift; sourceTree = "<group>"; };
		FD1B0F5A1FAEB98400B9321D /* LEVTextField.swift */ = {isa = PBXFileReference; lastKnownFileType = sourcecode.swift; path = LEVTextField.swift; sourceTree = "<group>"; };
		FD1B0F5C1FAEBA4F00B9321D /* UIView+Extension.swift */ = {isa = PBXFileReference; lastKnownFileType = sourcecode.swift; path = "UIView+Extension.swift"; sourceTree = "<group>"; };
		FD1B0F5E1FAECE3300B9321D /* SignUpViewController.swift */ = {isa = PBXFileReference; lastKnownFileType = sourcecode.swift; path = SignUpViewController.swift; sourceTree = "<group>"; };
		FD1B0F5F1FAECE3300B9321D /* SignUpViewController.xib */ = {isa = PBXFileReference; lastKnownFileType = file.xib; path = SignUpViewController.xib; sourceTree = "<group>"; };
		FDCC28851FA075B2009728F1 /* LearningEnglish.app */ = {isa = PBXFileReference; explicitFileType = wrapper.application; includeInIndex = 0; path = LearningEnglish.app; sourceTree = BUILT_PRODUCTS_DIR; };
		FDCC28881FA075B2009728F1 /* AppDelegate.swift */ = {isa = PBXFileReference; lastKnownFileType = sourcecode.swift; path = AppDelegate.swift; sourceTree = "<group>"; };
		FDCC288A1FA075B2009728F1 /* ViewController.swift */ = {isa = PBXFileReference; lastKnownFileType = sourcecode.swift; path = ViewController.swift; sourceTree = "<group>"; };
		FDCC288D1FA075B2009728F1 /* Base */ = {isa = PBXFileReference; lastKnownFileType = file.storyboard; name = Base; path = Base.lproj/Main.storyboard; sourceTree = "<group>"; };
		FDCC288F1FA075B2009728F1 /* Assets.xcassets */ = {isa = PBXFileReference; lastKnownFileType = folder.assetcatalog; path = Assets.xcassets; sourceTree = "<group>"; };
		FDCC28921FA075B2009728F1 /* Base */ = {isa = PBXFileReference; lastKnownFileType = file.storyboard; name = Base; path = Base.lproj/LaunchScreen.storyboard; sourceTree = "<group>"; };
		FDCC28941FA075B2009728F1 /* Info.plist */ = {isa = PBXFileReference; lastKnownFileType = text.plist.xml; path = Info.plist; sourceTree = "<group>"; };
		FDCC28A81FA07A5B009728F1 /* StartAppViewController.swift */ = {isa = PBXFileReference; lastKnownFileType = sourcecode.swift; path = StartAppViewController.swift; sourceTree = "<group>"; };
		FDCC28A91FA07A5B009728F1 /* StartAppViewController.xib */ = {isa = PBXFileReference; lastKnownFileType = file.xib; path = StartAppViewController.xib; sourceTree = "<group>"; };
		FDCC28AD1FA07AA5009728F1 /* BaseViewController.swift */ = {isa = PBXFileReference; lastKnownFileType = sourcecode.swift; path = BaseViewController.swift; sourceTree = "<group>"; };
		FDCC28AF1FA07E20009728F1 /* Constant.swift */ = {isa = PBXFileReference; lastKnownFileType = sourcecode.swift; path = Constant.swift; sourceTree = "<group>"; };
		FDCC28B11FA08EFE009728F1 /* Enum.swift */ = {isa = PBXFileReference; lastKnownFileType = sourcecode.swift; path = Enum.swift; sourceTree = "<group>"; };
/* End PBXFileReference section */

/* Begin PBXFrameworksBuildPhase section */
		FDCC28821FA075B2009728F1 /* Frameworks */ = {
			isa = PBXFrameworksBuildPhase;
			buildActionMask = 2147483647;
			files = (
				51E88EEB914F7B14ECBD46B7 /* Pods_LearningEnglish.framework in Frameworks */,
			);
			runOnlyForDeploymentPostprocessing = 0;
		};
/* End PBXFrameworksBuildPhase section */

/* Begin PBXGroup section */
		5896FC1E26230FA78DF1F487 /* Pods */ = {
			isa = PBXGroup;
			children = (
				B7C2282A506E4C5F71A94DF3 /* Pods-LearningEnglish.debug.xcconfig */,
				F76C6920FA06C5880C044AFC /* Pods-LearningEnglish.release.xcconfig */,
				BC724E86A9F9BC8A97BA0F13 /* Pods-LearningEnglish.appstore.xcconfig */,
			);
			name = Pods;
			sourceTree = "<group>";
		};
		DEE914731FAF031B00FA9B63 /* Base */ = {
			isa = PBXGroup;
			children = (
				DEE914741FAF03F500FA9B63 /* LEVBaseCollectionViewCell.swift */,
			);
			path = Base;
			sourceTree = "<group>";
		};
		DEE914771FAF080100FA9B63 /* UIViewX */ = {
			isa = PBXGroup;
			children = (
				DEE914781FAF080F00FA9B63 /* UIViewX.swift */,
			);
			path = UIViewX;
			sourceTree = "<group>";
		};
		E196BD26F0C814D9F10BBACC /* Frameworks */ = {
			isa = PBXGroup;
			children = (
				AB74314B60C719C34F0375BE /* Pods_LearningEnglish.framework */,
			);
			name = Frameworks;
			sourceTree = "<group>";
		};
		FD1B0F561FAEB92100B9321D /* BaseView */ = {
			isa = PBXGroup;
			children = (
				FD1B0F571FAEB93700B9321D /* LEVBaseView.swift */,
			);
			path = BaseView;
			sourceTree = "<group>";
		};
		FD1B0F591FAEB96B00B9321D /* LEVTextField */ = {
			isa = PBXGroup;
			children = (
				FD1B0F5A1FAEB98400B9321D /* LEVTextField.swift */,
			);
			path = LEVTextField;
			sourceTree = "<group>";
		};
		FDCC287C1FA075B2009728F1 = {
			isa = PBXGroup;
			children = (
				FDCC28A01FA07692009728F1 /* Networking */,
				FDCC28871FA075B2009728F1 /* LearningEnglish */,
				FDCC28861FA075B2009728F1 /* Products */,
				5896FC1E26230FA78DF1F487 /* Pods */,
				E196BD26F0C814D9F10BBACC /* Frameworks */,
			);
			sourceTree = "<group>";
		};
		FDCC28861FA075B2009728F1 /* Products */ = {
			isa = PBXGroup;
			children = (
				FDCC28851FA075B2009728F1 /* LearningEnglish.app */,
			);
			name = Products;
			sourceTree = "<group>";
		};
		FDCC28871FA075B2009728F1 /* LearningEnglish */ = {
			isa = PBXGroup;
			children = (
				FDCC289F1FA07680009728F1 /* Views */,
				FDCC289E1FA07670009728F1 /* Locales */,
				FDCC289D1FA07663009728F1 /* ViewModels */,
				FDCC289C1FA07651009728F1 /* General */,
				FDCC289B1FA0763E009728F1 /* Libraries */,
				FDCC289A1FA075FA009728F1 /* SupportFile */,
				FDCC28881FA075B2009728F1 /* AppDelegate.swift */,
				FDCC288A1FA075B2009728F1 /* ViewController.swift */,
				FDCC288C1FA075B2009728F1 /* Main.storyboard */,
				FDCC288F1FA075B2009728F1 /* Assets.xcassets */,
				FDCC28911FA075B2009728F1 /* LaunchScreen.storyboard */,
				FDCC28941FA075B2009728F1 /* Info.plist */,
			);
			path = LearningEnglish;
			sourceTree = "<group>";
		};
		FDCC289A1FA075FA009728F1 /* SupportFile */ = {
			isa = PBXGroup;
			children = (
			);
			path = SupportFile;
			sourceTree = "<group>";
		};
		FDCC289B1FA0763E009728F1 /* Libraries */ = {
			isa = PBXGroup;
			children = (
			);
			path = Libraries;
			sourceTree = "<group>";
		};
		FDCC289C1FA07651009728F1 /* General */ = {
			isa = PBXGroup;
			children = (
				FDCC28A31FA076E0009728F1 /* Constant */,
				FDCC28A21FA076D5009728F1 /* Extension */,
				FDCC28A11FA076C9009728F1 /* Helper */,
			);
			path = General;
			sourceTree = "<group>";
		};
		FDCC289D1FA07663009728F1 /* ViewModels */ = {
			isa = PBXGroup;
			children = (
			);
			path = ViewModels;
			sourceTree = "<group>";
		};
		FDCC289E1FA07670009728F1 /* Locales */ = {
			isa = PBXGroup;
			children = (
			);
			path = Locales;
			sourceTree = "<group>";
		};
		FDCC289F1FA07680009728F1 /* Views */ = {
			isa = PBXGroup;
			children = (
				FDCC28A61FA07733009728F1 /* Controllers */,
				FDCC28A51FA07724009728F1 /* Cells */,
				FDCC28A41FA07710009728F1 /* CustomView */,
			);
			path = Views;
			sourceTree = "<group>";
		};
		FDCC28A01FA07692009728F1 /* Networking */ = {
			isa = PBXGroup;
			children = (
			);
			path = Networking;
			sourceTree = "<group>";
		};
		FDCC28A11FA076C9009728F1 /* Helper */ = {
			isa = PBXGroup;
			children = (
			);
			path = Helper;
			sourceTree = "<group>";
		};
		FDCC28A21FA076D5009728F1 /* Extension */ = {
			isa = PBXGroup;
			children = (
				FD1B0F501FAEAE5A00B9321D /* UIViewController+Extension.swift */,
				FD1B0F521FAEAFDF00B9321D /* NSObject+Extension.swift */,
				FD1B0F5C1FAEBA4F00B9321D /* UIView+Extension.swift */,
			);
			path = Extension;
			sourceTree = "<group>";
		};
		FDCC28A31FA076E0009728F1 /* Constant */ = {
			isa = PBXGroup;
			children = (
				FDCC28AF1FA07E20009728F1 /* Constant.swift */,
				FDCC28B11FA08EFE009728F1 /* Enum.swift */,
			);
			path = Constant;
			sourceTree = "<group>";
		};
		FDCC28A41FA07710009728F1 /* CustomView */ = {
			isa = PBXGroup;
			children = (
				DEE914771FAF080100FA9B63 /* UIViewX */,
				FD1B0F591FAEB96B00B9321D /* LEVTextField */,
				FD1B0F561FAEB92100B9321D /* BaseView */,
			);
			path = CustomView;
			sourceTree = "<group>";
		};
		FDCC28A51FA07724009728F1 /* Cells */ = {
			isa = PBXGroup;
			children = (
				DEE914731FAF031B00FA9B63 /* Base */,
			);
			path = Cells;
			sourceTree = "<group>";
		};
		FDCC28A61FA07733009728F1 /* Controllers */ = {
			isa = PBXGroup;
			children = (
				FDCC28AC1FA07A82009728F1 /* Base */,
				FDCC28A71FA07A1A009728F1 /* Login */,
			);
			path = Controllers;
			sourceTree = "<group>";
		};
		FDCC28A71FA07A1A009728F1 /* Login */ = {
			isa = PBXGroup;
			children = (
				FDCC28A81FA07A5B009728F1 /* StartAppViewController.swift */,
				FDCC28A91FA07A5B009728F1 /* StartAppViewController.xib */,
				FD1B0F4C1FAEABC400B9321D /* LogInViewController.swift */,
				FD1B0F4D1FAEABC400B9321D /* LogInViewController.xib */,
				FD1B0F5E1FAECE3300B9321D /* SignUpViewController.swift */,
				FD1B0F5F1FAECE3300B9321D /* SignUpViewController.xib */,
			);
			path = Login;
			sourceTree = "<group>";
		};
		FDCC28AC1FA07A82009728F1 /* Base */ = {
			isa = PBXGroup;
			children = (
				FDCC28AD1FA07AA5009728F1 /* BaseViewController.swift */,
			);
			path = Base;
			sourceTree = "<group>";
		};
/* End PBXGroup section */

/* Begin PBXNativeTarget section */
		FDCC28841FA075B2009728F1 /* LearningEnglish */ = {
			isa = PBXNativeTarget;
			buildConfigurationList = FDCC28971FA075B2009728F1 /* Build configuration list for PBXNativeTarget "LearningEnglish" */;
			buildPhases = (
				E90FFA3E3C57124F0933805B /* [CP] Check Pods Manifest.lock */,
				FDCC28811FA075B2009728F1 /* Sources */,
				FDCC28821FA075B2009728F1 /* Frameworks */,
				FDCC28831FA075B2009728F1 /* Resources */,
				4F308E821007528EBB139150 /* [CP] Embed Pods Frameworks */,
				7D1E0E12DCC2A5A25E63E082 /* [CP] Copy Pods Resources */,
				DEE914761FAF044700FA9B63 /* ShellScript */,
			);
			buildRules = (
			);
			dependencies = (
			);
			name = LearningEnglish;
			productName = LearningEnglish;
			productReference = FDCC28851FA075B2009728F1 /* LearningEnglish.app */;
			productType = "com.apple.product-type.application";
		};
/* End PBXNativeTarget section */

/* Begin PBXProject section */
		FDCC287D1FA075B2009728F1 /* Project object */ = {
			isa = PBXProject;
			attributes = {
				LastSwiftUpdateCheck = 0900;
				LastUpgradeCheck = 0900;
				ORGANIZATIONNAME = "Tien Dinh";
				TargetAttributes = {
					FDCC28841FA075B2009728F1 = {
						CreatedOnToolsVersion = 9.0.1;
						ProvisioningStyle = Manual;
					};
				};
			};
			buildConfigurationList = FDCC28801FA075B2009728F1 /* Build configuration list for PBXProject "LearningEnglish" */;
			compatibilityVersion = "Xcode 8.0";
			developmentRegion = en;
			hasScannedForEncodings = 0;
			knownRegions = (
				en,
				Base,
			);
			mainGroup = FDCC287C1FA075B2009728F1;
			productRefGroup = FDCC28861FA075B2009728F1 /* Products */;
			projectDirPath = "";
			projectRoot = "";
			targets = (
				FDCC28841FA075B2009728F1 /* LearningEnglish */,
			);
		};
/* End PBXProject section */

/* Begin PBXResourcesBuildPhase section */
		FDCC28831FA075B2009728F1 /* Resources */ = {
			isa = PBXResourcesBuildPhase;
			buildActionMask = 2147483647;
			files = (
				FDCC28931FA075B2009728F1 /* LaunchScreen.storyboard in Resources */,
				FDCC28AB1FA07A5B009728F1 /* StartAppViewController.xib in Resources */,
				FDCC28901FA075B2009728F1 /* Assets.xcassets in Resources */,
				FDCC288E1FA075B2009728F1 /* Main.storyboard in Resources */,
				FD1B0F611FAECE3300B9321D /* SignUpViewController.xib in Resources */,
				FD1B0F4F1FAEABC400B9321D /* LogInViewController.xib in Resources */,
			);
			runOnlyForDeploymentPostprocessing = 0;
		};
/* End PBXResourcesBuildPhase section */

/* Begin PBXShellScriptBuildPhase section */
		4F308E821007528EBB139150 /* [CP] Embed Pods Frameworks */ = {
			isa = PBXShellScriptBuildPhase;
			buildActionMask = 2147483647;
			files = (
			);
			inputPaths = (
				"${SRCROOT}/Pods/Target Support Files/Pods-LearningEnglish/Pods-LearningEnglish-frameworks.sh",
				"${BUILT_PRODUCTS_DIR}/RxCocoa/RxCocoa.framework",
				"${BUILT_PRODUCTS_DIR}/RxSwift/RxSwift.framework",
			);
			name = "[CP] Embed Pods Frameworks";
			outputPaths = (
				"${TARGET_BUILD_DIR}/${FRAMEWORKS_FOLDER_PATH}/RxCocoa.framework",
				"${TARGET_BUILD_DIR}/${FRAMEWORKS_FOLDER_PATH}/RxSwift.framework",
			);
			runOnlyForDeploymentPostprocessing = 0;
			shellPath = /bin/sh;
			shellScript = "\"${SRCROOT}/Pods/Target Support Files/Pods-LearningEnglish/Pods-LearningEnglish-frameworks.sh\"\n";
			showEnvVarsInLog = 0;
		};
		7D1E0E12DCC2A5A25E63E082 /* [CP] Copy Pods Resources */ = {
			isa = PBXShellScriptBuildPhase;
			buildActionMask = 2147483647;
			files = (
			);
			inputPaths = (
			);
			name = "[CP] Copy Pods Resources";
			outputPaths = (
			);
			runOnlyForDeploymentPostprocessing = 0;
			shellPath = /bin/sh;
			shellScript = "\"${SRCROOT}/Pods/Target Support Files/Pods-LearningEnglish/Pods-LearningEnglish-resources.sh\"\n";
			showEnvVarsInLog = 0;
		};
		DEE914761FAF044700FA9B63 /* ShellScript */ = {
			isa = PBXShellScriptBuildPhase;
			buildActionMask = 2147483647;
			files = (
			);
			inputPaths = (
			);
			outputPaths = (
			);
			runOnlyForDeploymentPostprocessing = 0;
			shellPath = /bin/sh;
			shellScript = "if which swiftlint >/dev/null; then\nswiftlint\nelse\necho \"warning: SwiftLint not installed, download from https://github.com/realm/SwiftLint\"\nfi";
		};
		E90FFA3E3C57124F0933805B /* [CP] Check Pods Manifest.lock */ = {
			isa = PBXShellScriptBuildPhase;
			buildActionMask = 2147483647;
			files = (
			);
			inputPaths = (
				"${PODS_PODFILE_DIR_PATH}/Podfile.lock",
				"${PODS_ROOT}/Manifest.lock",
			);
			name = "[CP] Check Pods Manifest.lock";
			outputPaths = (
				"$(DERIVED_FILE_DIR)/Pods-LearningEnglish-checkManifestLockResult.txt",
			);
			runOnlyForDeploymentPostprocessing = 0;
			shellPath = /bin/sh;
			shellScript = "diff \"${PODS_PODFILE_DIR_PATH}/Podfile.lock\" \"${PODS_ROOT}/Manifest.lock\" > /dev/null\nif [ $? != 0 ] ; then\n    # print error to STDERR\n    echo \"error: The sandbox is not in sync with the Podfile.lock. Run 'pod install' or update your CocoaPods installation.\" >&2\n    exit 1\nfi\n# This output is used by Xcode 'outputs' to avoid re-running this script phase.\necho \"SUCCESS\" > \"${SCRIPT_OUTPUT_FILE_0}\"\n";
			showEnvVarsInLog = 0;
		};
/* End PBXShellScriptBuildPhase section */

/* Begin PBXSourcesBuildPhase section */
		FDCC28811FA075B2009728F1 /* Sources */ = {
			isa = PBXSourcesBuildPhase;
			buildActionMask = 2147483647;
			files = (
				FD1B0F5B1FAEB98400B9321D /* LEVTextField.swift in Sources */,
				FD1B0F511FAEAE5A00B9321D /* UIViewController+Extension.swift in Sources */,
				FDCC288B1FA075B2009728F1 /* ViewController.swift in Sources */,
				FD1B0F531FAEAFDF00B9321D /* NSObject+Extension.swift in Sources */,
				FDCC28AE1FA07AA5009728F1 /* BaseViewController.swift in Sources */,
				FD1B0F581FAEB93700B9321D /* LEVBaseView.swift in Sources */,
				FD1B0F5D1FAEBA4F00B9321D /* UIView+Extension.swift in Sources */,
				FDCC28B21FA08EFE009728F1 /* Enum.swift in Sources */,
				DEE914791FAF080F00FA9B63 /* UIViewX.swift in Sources */,
				FD1B0F4E1FAEABC400B9321D /* LogInViewController.swift in Sources */,
				DEE914751FAF03F500FA9B63 /* LEVBaseCollectionViewCell.swift in Sources */,
				FDCC28B01FA07E20009728F1 /* Constant.swift in Sources */,
				FDCC28AA1FA07A5B009728F1 /* StartAppViewController.swift in Sources */,
				FD1B0F601FAECE3300B9321D /* SignUpViewController.swift in Sources */,
				FDCC28891FA075B2009728F1 /* AppDelegate.swift in Sources */,
			);
			runOnlyForDeploymentPostprocessing = 0;
		};
/* End PBXSourcesBuildPhase section */

/* Begin PBXVariantGroup section */
		FDCC288C1FA075B2009728F1 /* Main.storyboard */ = {
			isa = PBXVariantGroup;
			children = (
				FDCC288D1FA075B2009728F1 /* Base */,
			);
			name = Main.storyboard;
			sourceTree = "<group>";
		};
		FDCC28911FA075B2009728F1 /* LaunchScreen.storyboard */ = {
			isa = PBXVariantGroup;
			children = (
				FDCC28921FA075B2009728F1 /* Base */,
			);
			name = LaunchScreen.storyboard;
			sourceTree = "<group>";
		};
/* End PBXVariantGroup section */

/* Begin XCBuildConfiguration section */
		DEC9CD481FB6E1E40095EF8A /* Appstore */ = {
			isa = XCBuildConfiguration;
			buildSettings = {
				ALWAYS_SEARCH_USER_PATHS = NO;
				CLANG_ANALYZER_NONNULL = YES;
				CLANG_ANALYZER_NUMBER_OBJECT_CONVERSION = YES_AGGRESSIVE;
				CLANG_CXX_LANGUAGE_STANDARD = "gnu++14";
				CLANG_CXX_LIBRARY = "libc++";
				CLANG_ENABLE_MODULES = YES;
				CLANG_ENABLE_OBJC_ARC = YES;
				CLANG_WARN_BLOCK_CAPTURE_AUTORELEASING = YES;
				CLANG_WARN_BOOL_CONVERSION = YES;
				CLANG_WARN_COMMA = YES;
				CLANG_WARN_CONSTANT_CONVERSION = YES;
				CLANG_WARN_DIRECT_OBJC_ISA_USAGE = YES_ERROR;
				CLANG_WARN_DOCUMENTATION_COMMENTS = YES;
				CLANG_WARN_EMPTY_BODY = YES;
				CLANG_WARN_ENUM_CONVERSION = YES;
				CLANG_WARN_INFINITE_RECURSION = YES;
				CLANG_WARN_INT_CONVERSION = YES;
				CLANG_WARN_NON_LITERAL_NULL_CONVERSION = YES;
				CLANG_WARN_OBJC_LITERAL_CONVERSION = YES;
				CLANG_WARN_OBJC_ROOT_CLASS = YES_ERROR;
				CLANG_WARN_RANGE_LOOP_ANALYSIS = YES;
				CLANG_WARN_STRICT_PROTOTYPES = YES;
				CLANG_WARN_SUSPICIOUS_MOVE = YES;
				CLANG_WARN_UNGUARDED_AVAILABILITY = YES_AGGRESSIVE;
				CLANG_WARN_UNREACHABLE_CODE = YES;
				CLANG_WARN__DUPLICATE_METHOD_MATCH = YES;
				CODE_SIGN_IDENTITY = "iPhone Developer";
				COPY_PHASE_STRIP = NO;
				DEBUG_INFORMATION_FORMAT = "dwarf-with-dsym";
				ENABLE_NS_ASSERTIONS = NO;
				ENABLE_STRICT_OBJC_MSGSEND = YES;
				GCC_C_LANGUAGE_STANDARD = gnu11;
				GCC_NO_COMMON_BLOCKS = YES;
				GCC_WARN_64_TO_32_BIT_CONVERSION = YES;
				GCC_WARN_ABOUT_RETURN_TYPE = YES_ERROR;
				GCC_WARN_UNDECLARED_SELECTOR = YES;
				GCC_WARN_UNINITIALIZED_AUTOS = YES_AGGRESSIVE;
				GCC_WARN_UNUSED_FUNCTION = YES;
				GCC_WARN_UNUSED_VARIABLE = YES;
				IPHONEOS_DEPLOYMENT_TARGET = 11.0;
				MTL_ENABLE_DEBUG_INFO = NO;
				SDKROOT = iphoneos;
				SWIFT_OPTIMIZATION_LEVEL = "-Owholemodule";
				VALIDATE_PRODUCT = YES;
			};
			name = Appstore;
		};
		DEC9CD491FB6E1E40095EF8A /* Appstore */ = {
			isa = XCBuildConfiguration;
			baseConfigurationReference = BC724E86A9F9BC8A97BA0F13 /* Pods-LearningEnglish.appstore.xcconfig */;
			buildSettings = {
				ASSETCATALOG_COMPILER_APPICON_NAME = AppIcon;
				"CODE_SIGN_IDENTITY[sdk=iphoneos*]" = "iPhone Distribution";
				CODE_SIGN_STYLE = Manual;
				DEVELOPMENT_TEAM = KGRXCGAUA5;
				INFOPLIST_FILE = LearningEnglish/Info.plist;
				LD_RUNPATH_SEARCH_PATHS = "$(inherited) @executable_path/Frameworks";
				PRODUCT_BUNDLE_IDENTIFIER = kai.com.learningenglish;
				PRODUCT_NAME = "$(TARGET_NAME)";
				PROVISIONING_PROFILE = "f8944ce4-a389-4cd8-bd2c-b420774d6ef0";
				PROVISIONING_PROFILE_SPECIFIER = "match AppStore kai.com.learningenglish";
				SWIFT_VERSION = 4.0;
				TARGETED_DEVICE_FAMILY = "1,2";
			};
			name = Appstore;
		};
		FDCC28951FA075B2009728F1 /* Debug */ = {
			isa = XCBuildConfiguration;
			buildSettings = {
				ALWAYS_SEARCH_USER_PATHS = NO;
				CLANG_ANALYZER_NONNULL = YES;
				CLANG_ANALYZER_NUMBER_OBJECT_CONVERSION = YES_AGGRESSIVE;
				CLANG_CXX_LANGUAGE_STANDARD = "gnu++14";
				CLANG_CXX_LIBRARY = "libc++";
				CLANG_ENABLE_MODULES = YES;
				CLANG_ENABLE_OBJC_ARC = YES;
				CLANG_WARN_BLOCK_CAPTURE_AUTORELEASING = YES;
				CLANG_WARN_BOOL_CONVERSION = YES;
				CLANG_WARN_COMMA = YES;
				CLANG_WARN_CONSTANT_CONVERSION = YES;
				CLANG_WARN_DIRECT_OBJC_ISA_USAGE = YES_ERROR;
				CLANG_WARN_DOCUMENTATION_COMMENTS = YES;
				CLANG_WARN_EMPTY_BODY = YES;
				CLANG_WARN_ENUM_CONVERSION = YES;
				CLANG_WARN_INFINITE_RECURSION = YES;
				CLANG_WARN_INT_CONVERSION = YES;
				CLANG_WARN_NON_LITERAL_NULL_CONVERSION = YES;
				CLANG_WARN_OBJC_LITERAL_CONVERSION = YES;
				CLANG_WARN_OBJC_ROOT_CLASS = YES_ERROR;
				CLANG_WARN_RANGE_LOOP_ANALYSIS = YES;
				CLANG_WARN_STRICT_PROTOTYPES = YES;
				CLANG_WARN_SUSPICIOUS_MOVE = YES;
				CLANG_WARN_UNGUARDED_AVAILABILITY = YES_AGGRESSIVE;
				CLANG_WARN_UNREACHABLE_CODE = YES;
				CLANG_WARN__DUPLICATE_METHOD_MATCH = YES;
				CODE_SIGN_IDENTITY = "iPhone Developer";
				COPY_PHASE_STRIP = NO;
				DEBUG_INFORMATION_FORMAT = dwarf;
				ENABLE_STRICT_OBJC_MSGSEND = YES;
				ENABLE_TESTABILITY = YES;
				GCC_C_LANGUAGE_STANDARD = gnu11;
				GCC_DYNAMIC_NO_PIC = NO;
				GCC_NO_COMMON_BLOCKS = YES;
				GCC_OPTIMIZATION_LEVEL = 0;
				GCC_PREPROCESSOR_DEFINITIONS = (
					"DEBUG=1",
					"$(inherited)",
				);
				GCC_WARN_64_TO_32_BIT_CONVERSION = YES;
				GCC_WARN_ABOUT_RETURN_TYPE = YES_ERROR;
				GCC_WARN_UNDECLARED_SELECTOR = YES;
				GCC_WARN_UNINITIALIZED_AUTOS = YES_AGGRESSIVE;
				GCC_WARN_UNUSED_FUNCTION = YES;
				GCC_WARN_UNUSED_VARIABLE = YES;
				IPHONEOS_DEPLOYMENT_TARGET = 11.0;
				MTL_ENABLE_DEBUG_INFO = YES;
				ONLY_ACTIVE_ARCH = YES;
				SDKROOT = iphoneos;
				SWIFT_ACTIVE_COMPILATION_CONDITIONS = DEBUG;
				SWIFT_OPTIMIZATION_LEVEL = "-Onone";
			};
			name = Debug;
		};
		FDCC28961FA075B2009728F1 /* Release */ = {
			isa = XCBuildConfiguration;
			buildSettings = {
				ALWAYS_SEARCH_USER_PATHS = NO;
				CLANG_ANALYZER_NONNULL = YES;
				CLANG_ANALYZER_NUMBER_OBJECT_CONVERSION = YES_AGGRESSIVE;
				CLANG_CXX_LANGUAGE_STANDARD = "gnu++14";
				CLANG_CXX_LIBRARY = "libc++";
				CLANG_ENABLE_MODULES = YES;
				CLANG_ENABLE_OBJC_ARC = YES;
				CLANG_WARN_BLOCK_CAPTURE_AUTORELEASING = YES;
				CLANG_WARN_BOOL_CONVERSION = YES;
				CLANG_WARN_COMMA = YES;
				CLANG_WARN_CONSTANT_CONVERSION = YES;
				CLANG_WARN_DIRECT_OBJC_ISA_USAGE = YES_ERROR;
				CLANG_WARN_DOCUMENTATION_COMMENTS = YES;
				CLANG_WARN_EMPTY_BODY = YES;
				CLANG_WARN_ENUM_CONVERSION = YES;
				CLANG_WARN_INFINITE_RECURSION = YES;
				CLANG_WARN_INT_CONVERSION = YES;
				CLANG_WARN_NON_LITERAL_NULL_CONVERSION = YES;
				CLANG_WARN_OBJC_LITERAL_CONVERSION = YES;
				CLANG_WARN_OBJC_ROOT_CLASS = YES_ERROR;
				CLANG_WARN_RANGE_LOOP_ANALYSIS = YES;
				CLANG_WARN_STRICT_PROTOTYPES = YES;
				CLANG_WARN_SUSPICIOUS_MOVE = YES;
				CLANG_WARN_UNGUARDED_AVAILABILITY = YES_AGGRESSIVE;
				CLANG_WARN_UNREACHABLE_CODE = YES;
				CLANG_WARN__DUPLICATE_METHOD_MATCH = YES;
				CODE_SIGN_IDENTITY = "iPhone Developer";
				COPY_PHASE_STRIP = NO;
				DEBUG_INFORMATION_FORMAT = "dwarf-with-dsym";
				ENABLE_NS_ASSERTIONS = NO;
				ENABLE_STRICT_OBJC_MSGSEND = YES;
				GCC_C_LANGUAGE_STANDARD = gnu11;
				GCC_NO_COMMON_BLOCKS = YES;
				GCC_WARN_64_TO_32_BIT_CONVERSION = YES;
				GCC_WARN_ABOUT_RETURN_TYPE = YES_ERROR;
				GCC_WARN_UNDECLARED_SELECTOR = YES;
				GCC_WARN_UNINITIALIZED_AUTOS = YES_AGGRESSIVE;
				GCC_WARN_UNUSED_FUNCTION = YES;
				GCC_WARN_UNUSED_VARIABLE = YES;
				IPHONEOS_DEPLOYMENT_TARGET = 11.0;
				MTL_ENABLE_DEBUG_INFO = NO;
				SDKROOT = iphoneos;
				SWIFT_OPTIMIZATION_LEVEL = "-Owholemodule";
				VALIDATE_PRODUCT = YES;
			};
			name = Release;
		};
		FDCC28981FA075B2009728F1 /* Debug */ = {
			isa = XCBuildConfiguration;
			baseConfigurationReference = B7C2282A506E4C5F71A94DF3 /* Pods-LearningEnglish.debug.xcconfig */;
			buildSettings = {
				ASSETCATALOG_COMPILER_APPICON_NAME = AppIcon;
				CODE_SIGN_STYLE = Manual;
				DEVELOPMENT_TEAM = KGRXCGAUA5;
				INFOPLIST_FILE = LearningEnglish/Info.plist;
				LD_RUNPATH_SEARCH_PATHS = "$(inherited) @executable_path/Frameworks";
				PRODUCT_BUNDLE_IDENTIFIER = kai.com.learningenglish;
				PRODUCT_NAME = "$(TARGET_NAME)";
				PROVISIONING_PROFILE = "837b5644-189c-4e0c-9ecc-a52476c54d26";
				PROVISIONING_PROFILE_SPECIFIER = "match Development kai.com.learningenglish";
				SWIFT_VERSION = 4.0;
				TARGETED_DEVICE_FAMILY = "1,2";
			};
			name = Debug;
		};
		FDCC28991FA075B2009728F1 /* Release */ = {
			isa = XCBuildConfiguration;
			baseConfigurationReference = F76C6920FA06C5880C044AFC /* Pods-LearningEnglish.release.xcconfig */;
			buildSettings = {
				ASSETCATALOG_COMPILER_APPICON_NAME = AppIcon;
				"CODE_SIGN_IDENTITY[sdk=iphoneos*]" = "iPhone Developer";
				CODE_SIGN_STYLE = Manual;
				DEVELOPMENT_TEAM = KGRXCGAUA5;
				INFOPLIST_FILE = LearningEnglish/Info.plist;
				LD_RUNPATH_SEARCH_PATHS = "$(inherited) @executable_path/Frameworks";
				PRODUCT_BUNDLE_IDENTIFIER = kai.com.learningenglish;
				PRODUCT_NAME = "$(TARGET_NAME)";
				PROVISIONING_PROFILE = "837b5644-189c-4e0c-9ecc-a52476c54d26";
				PROVISIONING_PROFILE_SPECIFIER = "match Development kai.com.learningenglish";
				SWIFT_VERSION = 4.0;
				TARGETED_DEVICE_FAMILY = "1,2";
			};
			name = Release;
		};
/* End XCBuildConfiguration section */

/* Begin XCConfigurationList section */
		FDCC28801FA075B2009728F1 /* Build configuration list for PBXProject "LearningEnglish" */ = {
			isa = XCConfigurationList;
			buildConfigurations = (
				FDCC28951FA075B2009728F1 /* Debug */,
				FDCC28961FA075B2009728F1 /* Release */,
				DEC9CD481FB6E1E40095EF8A /* Appstore */,
			);
			defaultConfigurationIsVisible = 0;
			defaultConfigurationName = Release;
		};
		FDCC28971FA075B2009728F1 /* Build configuration list for PBXNativeTarget "LearningEnglish" */ = {
			isa = XCConfigurationList;
			buildConfigurations = (
				FDCC28981FA075B2009728F1 /* Debug */,
				FDCC28991FA075B2009728F1 /* Release */,
				DEC9CD491FB6E1E40095EF8A /* Appstore */,
			);
			defaultConfigurationIsVisible = 0;
			defaultConfigurationName = Release;
		};
/* End XCConfigurationList section */
	};
	rootObject = FDCC287D1FA075B2009728F1 /* Project object */;
}
