// !$*UTF8*$!
{
	archiveVersion = 1;
	classes = {
	};
	objectVersion = 48;
	objects = {

/* Begin PBXBuildFile section */
		17106C1C2007A52A0038C79E /* KBaseViewController+extension.swift in Sources */ = {isa = PBXBuildFile; fileRef = 17106C1B2007A52A0038C79E /* KBaseViewController+extension.swift */; };
		17106C1E2007A68A0038C79E /* LEVConstantMessage.swift in Sources */ = {isa = PBXBuildFile; fileRef = 17106C1D2007A68A0038C79E /* LEVConstantMessage.swift */; };
		17287018201629BC00BD6DAF /* PracticeFirstGameVC.swift in Sources */ = {isa = PBXBuildFile; fileRef = 17287017201629BC00BD6DAF /* PracticeFirstGameVC.swift */; };
		1728701A201629EC00BD6DAF /* PracticeFirstGameVC.xib in Resources */ = {isa = PBXBuildFile; fileRef = 17287019201629EC00BD6DAF /* PracticeFirstGameVC.xib */; };
		1728701E20162E5500BD6DAF /* PracticeGameCell.swift in Sources */ = {isa = PBXBuildFile; fileRef = 1728701C20162E5500BD6DAF /* PracticeGameCell.swift */; };
		1728701F20162E5500BD6DAF /* PracticeGameCell.xib in Resources */ = {isa = PBXBuildFile; fileRef = 1728701D20162E5500BD6DAF /* PracticeGameCell.xib */; };
		172E74602005131500853D41 /* APIListUnit.swift in Sources */ = {isa = PBXBuildFile; fileRef = 172E745F2005131500853D41 /* APIListUnit.swift */; };
		172E7464200517F500853D41 /* ListUnitViewModel.swift in Sources */ = {isa = PBXBuildFile; fileRef = 172E7463200517F500853D41 /* ListUnitViewModel.swift */; };
		172E7467200523E300853D41 /* LEVUnit.swift in Sources */ = {isa = PBXBuildFile; fileRef = 172E7466200523E300853D41 /* LEVUnit.swift */; };
		51E88EEB914F7B14ECBD46B7 /* Pods_LearningEnglish.framework in Frameworks */ = {isa = PBXBuildFile; fileRef = AB74314B60C719C34F0375BE /* Pods_LearningEnglish.framework */; };
		B752D6162005128B00A3A2F3 /* APIUnitDetail.swift in Sources */ = {isa = PBXBuildFile; fileRef = B752D6152005128B00A3A2F3 /* APIUnitDetail.swift */; };
		B752D61920051E0600A3A2F3 /* UnitDetailViewModel.swift in Sources */ = {isa = PBXBuildFile; fileRef = B752D61820051E0600A3A2F3 /* UnitDetailViewModel.swift */; };
		B752D61B20051FBB00A3A2F3 /* Vocabulary.swift in Sources */ = {isa = PBXBuildFile; fileRef = B752D61A20051FBB00A3A2F3 /* Vocabulary.swift */; };
		DE281DF520079E1F0092A536 /* DownloadHelper.swift in Sources */ = {isa = PBXBuildFile; fileRef = DE281DF420079E1F0092A536 /* DownloadHelper.swift */; };
		DE527E4C20008A1F00D598DF /* WordBook.swift in Sources */ = {isa = PBXBuildFile; fileRef = DE527E4B20008A1F00D598DF /* WordBook.swift */; };
		DE527E4E20008A9500D598DF /* APIWordBook.swift in Sources */ = {isa = PBXBuildFile; fileRef = DE527E4D20008A9500D598DF /* APIWordBook.swift */; };
		DE527E5220008DD500D598DF /* WordBookViewController.swift in Sources */ = {isa = PBXBuildFile; fileRef = DE527E5020008DD500D598DF /* WordBookViewController.swift */; };
		DE527E5320008DD500D598DF /* WordBookViewController.xib in Resources */ = {isa = PBXBuildFile; fileRef = DE527E5120008DD500D598DF /* WordBookViewController.xib */; };
		DE527E5920008EEF00D598DF /* WordBookViewModel.swift in Sources */ = {isa = PBXBuildFile; fileRef = DE527E5820008EEF00D598DF /* WordBookViewModel.swift */; };
		DE527E5E2000919400D598DF /* WorkBookCell.swift in Sources */ = {isa = PBXBuildFile; fileRef = DE527E5C2000919400D598DF /* WorkBookCell.swift */; };
		DE527E5F2000919400D598DF /* WorkBookCell.xib in Resources */ = {isa = PBXBuildFile; fileRef = DE527E5D2000919400D598DF /* WorkBookCell.xib */; };
		DE527E622000B20E00D598DF /* TabbarMainViewController.swift in Sources */ = {isa = PBXBuildFile; fileRef = DE527E612000B20E00D598DF /* TabbarMainViewController.swift */; };
		DE527E662000B2E000D598DF /* SettingsViewController.swift in Sources */ = {isa = PBXBuildFile; fileRef = DE527E642000B2E000D598DF /* SettingsViewController.swift */; };
		DE527E672000B2E000D598DF /* SettingsViewController.xib in Resources */ = {isa = PBXBuildFile; fileRef = DE527E652000B2E000D598DF /* SettingsViewController.xib */; };
		DE527E6B2000B33200D598DF /* UserManagerViewController.swift in Sources */ = {isa = PBXBuildFile; fileRef = DE527E692000B33200D598DF /* UserManagerViewController.swift */; };
		DE527E6C2000B33200D598DF /* UserManagerViewController.xib in Resources */ = {isa = PBXBuildFile; fileRef = DE527E6A2000B33200D598DF /* UserManagerViewController.xib */; };
		DE5BA1FE1FFFC6E80002E12B /* ApiError.swift in Sources */ = {isa = PBXBuildFile; fileRef = DE5BA1ED1FFFC6E80002E12B /* ApiError.swift */; };
		DE5BA1FF1FFFC6E80002E12B /* ParameterEncoding.swift in Sources */ = {isa = PBXBuildFile; fileRef = DE5BA1EE1FFFC6E80002E12B /* ParameterEncoding.swift */; };
		DE5BA2001FFFC6E80002E12B /* HTTPBody.swift in Sources */ = {isa = PBXBuildFile; fileRef = DE5BA1EF1FFFC6E80002E12B /* HTTPBody.swift */; };
		DE5BA2011FFFC6E80002E12B /* HTTPMethod.swift in Sources */ = {isa = PBXBuildFile; fileRef = DE5BA1F01FFFC6E80002E12B /* HTTPMethod.swift */; };
		DE5BA2021FFFC6E80002E12B /* APIKeyParam.swift in Sources */ = {isa = PBXBuildFile; fileRef = DE5BA1F11FFFC6E80002E12B /* APIKeyParam.swift */; };
		DE5BA2031FFFC6E80002E12B /* TargetType.swift in Sources */ = {isa = PBXBuildFile; fileRef = DE5BA1F31FFFC6E80002E12B /* TargetType.swift */; };
		DE5BA2041FFFC6E80002E12B /* APIUtilities.swift in Sources */ = {isa = PBXBuildFile; fileRef = DE5BA1F41FFFC6E80002E12B /* APIUtilities.swift */; };
		DE5BA2051FFFC6E80002E12B /* URLRequest+extension.swift in Sources */ = {isa = PBXBuildFile; fileRef = DE5BA1F51FFFC6E80002E12B /* URLRequest+extension.swift */; };
		DE5BA2061FFFC6E80002E12B /* API.swift in Sources */ = {isa = PBXBuildFile; fileRef = DE5BA1F61FFFC6E80002E12B /* API.swift */; };
		DE5BA2071FFFC6E80002E12B /* APIProvider.swift in Sources */ = {isa = PBXBuildFile; fileRef = DE5BA1F71FFFC6E80002E12B /* APIProvider.swift */; };
		DE5BA2081FFFC6E80002E12B /* Data+extension.swift in Sources */ = {isa = PBXBuildFile; fileRef = DE5BA1F91FFFC6E80002E12B /* Data+extension.swift */; };
		DE5BA2171FFFC75E0002E12B /* UISlider+extension.swift in Sources */ = {isa = PBXBuildFile; fileRef = DE5BA20B1FFFC75D0002E12B /* UISlider+extension.swift */; };
		DE5BA2181FFFC75E0002E12B /* UIColor+extension.swift in Sources */ = {isa = PBXBuildFile; fileRef = DE5BA20C1FFFC75D0002E12B /* UIColor+extension.swift */; };
		DE5BA2191FFFC75E0002E12B /* String+extension.swift in Sources */ = {isa = PBXBuildFile; fileRef = DE5BA20D1FFFC75D0002E12B /* String+extension.swift */; };
		DE5BA21A1FFFC75E0002E12B /* UIButton+extension.swift in Sources */ = {isa = PBXBuildFile; fileRef = DE5BA20E1FFFC75D0002E12B /* UIButton+extension.swift */; };
		DE5BA21B1FFFC75E0002E12B /* UICollection+extension.swift in Sources */ = {isa = PBXBuildFile; fileRef = DE5BA20F1FFFC75D0002E12B /* UICollection+extension.swift */; };
		DE5BA21C1FFFC75E0002E12B /* UIScreen+extension.swift in Sources */ = {isa = PBXBuildFile; fileRef = DE5BA2101FFFC75D0002E12B /* UIScreen+extension.swift */; };
		DE5BA21D1FFFC75E0002E12B /* UITable+extension.swift in Sources */ = {isa = PBXBuildFile; fileRef = DE5BA2111FFFC75D0002E12B /* UITable+extension.swift */; };
		DE5BA21E1FFFC75E0002E12B /* UIApplication+extension.swift in Sources */ = {isa = PBXBuildFile; fileRef = DE5BA2121FFFC75D0002E12B /* UIApplication+extension.swift */; };
		DE5BA21F1FFFC75E0002E12B /* UIImage+extension.swift in Sources */ = {isa = PBXBuildFile; fileRef = DE5BA2131FFFC75D0002E12B /* UIImage+extension.swift */; };
		DE5BA2201FFFC75E0002E12B /* UIWindow+extension.swift in Sources */ = {isa = PBXBuildFile; fileRef = DE5BA2141FFFC75D0002E12B /* UIWindow+extension.swift */; };
		DE5BA2211FFFC75E0002E12B /* Date+extension.swift in Sources */ = {isa = PBXBuildFile; fileRef = DE5BA2151FFFC75E0002E12B /* Date+extension.swift */; };
		DE5BA2221FFFC75E0002E12B /* ObservableType+extension.swift in Sources */ = {isa = PBXBuildFile; fileRef = DE5BA2161FFFC75E0002E12B /* ObservableType+extension.swift */; };
		DE5BA2311FFFC84A0002E12B /* LEVBaseViewController.swift in Sources */ = {isa = PBXBuildFile; fileRef = DE5BA2241FFFC8490002E12B /* LEVBaseViewController.swift */; };
		DE5BA2321FFFC84A0002E12B /* LEVBaseViewXib.swift in Sources */ = {isa = PBXBuildFile; fileRef = DE5BA2261FFFC8490002E12B /* LEVBaseViewXib.swift */; };
		DE5BA2331FFFC84A0002E12B /* LEVBaseView.swift in Sources */ = {isa = PBXBuildFile; fileRef = DE5BA2271FFFC8490002E12B /* LEVBaseView.swift */; };
		DE5BA2341FFFC84A0002E12B /* LEVBaseCollectionCellXib.swift in Sources */ = {isa = PBXBuildFile; fileRef = DE5BA2291FFFC8490002E12B /* LEVBaseCollectionCellXib.swift */; };
		DE5BA2351FFFC84A0002E12B /* LEVBaseCollectionCell.swift in Sources */ = {isa = PBXBuildFile; fileRef = DE5BA22A1FFFC8490002E12B /* LEVBaseCollectionCell.swift */; };
		DE5BA2361FFFC84A0002E12B /* LEVBaseTableCell.swift in Sources */ = {isa = PBXBuildFile; fileRef = DE5BA22C1FFFC8490002E12B /* LEVBaseTableCell.swift */; };
		DE5BA2371FFFC84A0002E12B /* LEVBaseTableCellXib.swift in Sources */ = {isa = PBXBuildFile; fileRef = DE5BA22D1FFFC8490002E12B /* LEVBaseTableCellXib.swift */; };
		DE5BA2381FFFC84A0002E12B /* LEVPageViewController.swift in Sources */ = {isa = PBXBuildFile; fileRef = DE5BA22F1FFFC84A0002E12B /* LEVPageViewController.swift */; };
		DE5BA2391FFFC84A0002E12B /* LEVPageMenuView.swift in Sources */ = {isa = PBXBuildFile; fileRef = DE5BA2301FFFC84A0002E12B /* LEVPageMenuView.swift */; };
		DE96864D2006590F00A2BEF3 /* LEVPercentView.swift in Sources */ = {isa = PBXBuildFile; fileRef = DE96864C2006590F00A2BEF3 /* LEVPercentView.swift */; };
		DEC9CD4D1FB6EECD0095EF8A /* Fabric.framework in Frameworks */ = {isa = PBXBuildFile; fileRef = DEC9CD4B1FB6EECD0095EF8A /* Fabric.framework */; };
		DEC9CD4E1FB6EECD0095EF8A /* Crashlytics.framework in Frameworks */ = {isa = PBXBuildFile; fileRef = DEC9CD4C1FB6EECD0095EF8A /* Crashlytics.framework */; };
		DEDF400620088E08002ACA82 /* FileManagerHelper.swift in Sources */ = {isa = PBXBuildFile; fileRef = DEDF400520088E08002ACA82 /* FileManagerHelper.swift */; };
		DEE657292003977A0080F65E /* KRealmHelper.swift in Sources */ = {isa = PBXBuildFile; fileRef = DEE657282003977A0080F65E /* KRealmHelper.swift */; };
		DEE914751FAF03F500FA9B63 /* LEVBaseCollectionViewCell.swift in Sources */ = {isa = PBXBuildFile; fileRef = DEE914741FAF03F500FA9B63 /* LEVBaseCollectionViewCell.swift */; };
		DEE914791FAF080F00FA9B63 /* UIViewX.swift in Sources */ = {isa = PBXBuildFile; fileRef = DEE914781FAF080F00FA9B63 /* UIViewX.swift */; };
		FD1B0F4E1FAEABC400B9321D /* LogInViewController.swift in Sources */ = {isa = PBXBuildFile; fileRef = FD1B0F4C1FAEABC400B9321D /* LogInViewController.swift */; };
		FD1B0F4F1FAEABC400B9321D /* LogInViewController.xib in Resources */ = {isa = PBXBuildFile; fileRef = FD1B0F4D1FAEABC400B9321D /* LogInViewController.xib */; };
		FD1B0F511FAEAE5A00B9321D /* UIViewController+Extension.swift in Sources */ = {isa = PBXBuildFile; fileRef = FD1B0F501FAEAE5A00B9321D /* UIViewController+Extension.swift */; };
		FD1B0F5B1FAEB98400B9321D /* LEVTextField.swift in Sources */ = {isa = PBXBuildFile; fileRef = FD1B0F5A1FAEB98400B9321D /* LEVTextField.swift */; };
		FD1B0F5D1FAEBA4F00B9321D /* UIView+Extension.swift in Sources */ = {isa = PBXBuildFile; fileRef = FD1B0F5C1FAEBA4F00B9321D /* UIView+Extension.swift */; };
		FD1B0F601FAECE3300B9321D /* SignUpViewController.swift in Sources */ = {isa = PBXBuildFile; fileRef = FD1B0F5E1FAECE3300B9321D /* SignUpViewController.swift */; };
		FD1B0F611FAECE3300B9321D /* SignUpViewController.xib in Resources */ = {isa = PBXBuildFile; fileRef = FD1B0F5F1FAECE3300B9321D /* SignUpViewController.xib */; };
		FD79B10D1FD38E5000D533FC /* ListUnitViewController.swift in Sources */ = {isa = PBXBuildFile; fileRef = FD79B10B1FD38E5000D533FC /* ListUnitViewController.swift */; };
		FD79B10E1FD38E5000D533FC /* ListUnitViewController.xib in Resources */ = {isa = PBXBuildFile; fileRef = FD79B10C1FD38E5000D533FC /* ListUnitViewController.xib */; };
		FD79B1121FD38EA900D533FC /* ListUnitTableViewCell.swift in Sources */ = {isa = PBXBuildFile; fileRef = FD79B1101FD38EA900D533FC /* ListUnitTableViewCell.swift */; };
		FD79B1131FD38EA900D533FC /* ListUnitTableViewCell.xib in Resources */ = {isa = PBXBuildFile; fileRef = FD79B1111FD38EA900D533FC /* ListUnitTableViewCell.xib */; };
		FD79B1171FD394F700D533FC /* UnitDetailViewController.swift in Sources */ = {isa = PBXBuildFile; fileRef = FD79B1151FD394F700D533FC /* UnitDetailViewController.swift */; };
		FD79B1181FD394F700D533FC /* UnitDetailViewController.xib in Resources */ = {isa = PBXBuildFile; fileRef = FD79B1161FD394F700D533FC /* UnitDetailViewController.xib */; };
		FD79B11C1FD3985400D533FC /* UnitTableViewCell.swift in Sources */ = {isa = PBXBuildFile; fileRef = FD79B11A1FD3985400D533FC /* UnitTableViewCell.swift */; };
		FD79B11D1FD3985400D533FC /* UnitTableViewCell.xib in Resources */ = {isa = PBXBuildFile; fileRef = FD79B11B1FD3985400D533FC /* UnitTableViewCell.xib */; };
		FD79B1201FD3A4FF00D533FC /* UnitPracticeTableViewCell.swift in Sources */ = {isa = PBXBuildFile; fileRef = FD79B11E1FD3A4FF00D533FC /* UnitPracticeTableViewCell.swift */; };
		FD79B1211FD3A4FF00D533FC /* UnitPracticeTableViewCell.xib in Resources */ = {isa = PBXBuildFile; fileRef = FD79B11F1FD3A4FF00D533FC /* UnitPracticeTableViewCell.xib */; };
		FDCC28891FA075B2009728F1 /* AppDelegate.swift in Sources */ = {isa = PBXBuildFile; fileRef = FDCC28881FA075B2009728F1 /* AppDelegate.swift */; };
		FDCC28901FA075B2009728F1 /* Assets.xcassets in Resources */ = {isa = PBXBuildFile; fileRef = FDCC288F1FA075B2009728F1 /* Assets.xcassets */; };
		FDCC28931FA075B2009728F1 /* LaunchScreen.storyboard in Resources */ = {isa = PBXBuildFile; fileRef = FDCC28911FA075B2009728F1 /* LaunchScreen.storyboard */; };
		FDCC28AA1FA07A5B009728F1 /* StartAppViewController.swift in Sources */ = {isa = PBXBuildFile; fileRef = FDCC28A81FA07A5B009728F1 /* StartAppViewController.swift */; };
		FDCC28AB1FA07A5B009728F1 /* StartAppViewController.xib in Resources */ = {isa = PBXBuildFile; fileRef = FDCC28A91FA07A5B009728F1 /* StartAppViewController.xib */; };
		FDCC28B01FA07E20009728F1 /* LEVConstant.swift in Sources */ = {isa = PBXBuildFile; fileRef = FDCC28AF1FA07E20009728F1 /* LEVConstant.swift */; };
		FDCC28B21FA08EFE009728F1 /* LEVEnum.swift in Sources */ = {isa = PBXBuildFile; fileRef = FDCC28B11FA08EFE009728F1 /* LEVEnum.swift */; };
/* End PBXBuildFile section */

/* Begin PBXFileReference section */
		17106C1B2007A52A0038C79E /* KBaseViewController+extension.swift */ = {isa = PBXFileReference; lastKnownFileType = sourcecode.swift; path = "KBaseViewController+extension.swift"; sourceTree = "<group>"; };
		17106C1D2007A68A0038C79E /* LEVConstantMessage.swift */ = {isa = PBXFileReference; lastKnownFileType = sourcecode.swift; path = LEVConstantMessage.swift; sourceTree = "<group>"; };
		17287017201629BC00BD6DAF /* PracticeFirstGameVC.swift */ = {isa = PBXFileReference; lastKnownFileType = sourcecode.swift; path = PracticeFirstGameVC.swift; sourceTree = "<group>"; };
		17287019201629EC00BD6DAF /* PracticeFirstGameVC.xib */ = {isa = PBXFileReference; lastKnownFileType = file.xib; path = PracticeFirstGameVC.xib; sourceTree = "<group>"; };
		1728701C20162E5500BD6DAF /* PracticeGameCell.swift */ = {isa = PBXFileReference; lastKnownFileType = sourcecode.swift; path = PracticeGameCell.swift; sourceTree = "<group>"; };
		1728701D20162E5500BD6DAF /* PracticeGameCell.xib */ = {isa = PBXFileReference; lastKnownFileType = file.xib; path = PracticeGameCell.xib; sourceTree = "<group>"; };
		172E745F2005131500853D41 /* APIListUnit.swift */ = {isa = PBXFileReference; lastKnownFileType = sourcecode.swift; path = APIListUnit.swift; sourceTree = "<group>"; };
		172E7463200517F500853D41 /* ListUnitViewModel.swift */ = {isa = PBXFileReference; lastKnownFileType = sourcecode.swift; path = ListUnitViewModel.swift; sourceTree = "<group>"; };
		172E7466200523E300853D41 /* LEVUnit.swift */ = {isa = PBXFileReference; lastKnownFileType = sourcecode.swift; path = LEVUnit.swift; sourceTree = "<group>"; };
		AB74314B60C719C34F0375BE /* Pods_LearningEnglish.framework */ = {isa = PBXFileReference; explicitFileType = wrapper.framework; includeInIndex = 0; path = Pods_LearningEnglish.framework; sourceTree = BUILT_PRODUCTS_DIR; };
		B752D6152005128B00A3A2F3 /* APIUnitDetail.swift */ = {isa = PBXFileReference; lastKnownFileType = sourcecode.swift; path = APIUnitDetail.swift; sourceTree = "<group>"; };
		B752D61820051E0600A3A2F3 /* UnitDetailViewModel.swift */ = {isa = PBXFileReference; lastKnownFileType = sourcecode.swift; path = UnitDetailViewModel.swift; sourceTree = "<group>"; };
		B752D61A20051FBB00A3A2F3 /* Vocabulary.swift */ = {isa = PBXFileReference; lastKnownFileType = sourcecode.swift; path = Vocabulary.swift; sourceTree = "<group>"; };
		B7C2282A506E4C5F71A94DF3 /* Pods-LearningEnglish.debug.xcconfig */ = {isa = PBXFileReference; includeInIndex = 1; lastKnownFileType = text.xcconfig; name = "Pods-LearningEnglish.debug.xcconfig"; path = "Pods/Target Support Files/Pods-LearningEnglish/Pods-LearningEnglish.debug.xcconfig"; sourceTree = "<group>"; };
		BC724E86A9F9BC8A97BA0F13 /* Pods-LearningEnglish.appstore.xcconfig */ = {isa = PBXFileReference; includeInIndex = 1; lastKnownFileType = text.xcconfig; name = "Pods-LearningEnglish.appstore.xcconfig"; path = "Pods/Target Support Files/Pods-LearningEnglish/Pods-LearningEnglish.appstore.xcconfig"; sourceTree = "<group>"; };
		DE281DF420079E1F0092A536 /* DownloadHelper.swift */ = {isa = PBXFileReference; lastKnownFileType = sourcecode.swift; path = DownloadHelper.swift; sourceTree = "<group>"; };
		DE527E4B20008A1F00D598DF /* WordBook.swift */ = {isa = PBXFileReference; lastKnownFileType = sourcecode.swift; path = WordBook.swift; sourceTree = "<group>"; };
		DE527E4D20008A9500D598DF /* APIWordBook.swift */ = {isa = PBXFileReference; lastKnownFileType = sourcecode.swift; path = APIWordBook.swift; sourceTree = "<group>"; };
		DE527E5020008DD500D598DF /* WordBookViewController.swift */ = {isa = PBXFileReference; lastKnownFileType = sourcecode.swift; path = WordBookViewController.swift; sourceTree = "<group>"; };
		DE527E5120008DD500D598DF /* WordBookViewController.xib */ = {isa = PBXFileReference; lastKnownFileType = file.xib; path = WordBookViewController.xib; sourceTree = "<group>"; };
		DE527E5820008EEF00D598DF /* WordBookViewModel.swift */ = {isa = PBXFileReference; lastKnownFileType = sourcecode.swift; path = WordBookViewModel.swift; sourceTree = "<group>"; };
		DE527E5C2000919400D598DF /* WorkBookCell.swift */ = {isa = PBXFileReference; lastKnownFileType = sourcecode.swift; path = WorkBookCell.swift; sourceTree = "<group>"; };
		DE527E5D2000919400D598DF /* WorkBookCell.xib */ = {isa = PBXFileReference; lastKnownFileType = file.xib; path = WorkBookCell.xib; sourceTree = "<group>"; };
		DE527E612000B20E00D598DF /* TabbarMainViewController.swift */ = {isa = PBXFileReference; lastKnownFileType = sourcecode.swift; path = TabbarMainViewController.swift; sourceTree = "<group>"; };
		DE527E642000B2E000D598DF /* SettingsViewController.swift */ = {isa = PBXFileReference; lastKnownFileType = sourcecode.swift; path = SettingsViewController.swift; sourceTree = "<group>"; };
		DE527E652000B2E000D598DF /* SettingsViewController.xib */ = {isa = PBXFileReference; lastKnownFileType = file.xib; path = SettingsViewController.xib; sourceTree = "<group>"; };
		DE527E692000B33200D598DF /* UserManagerViewController.swift */ = {isa = PBXFileReference; lastKnownFileType = sourcecode.swift; path = UserManagerViewController.swift; sourceTree = "<group>"; };
		DE527E6A2000B33200D598DF /* UserManagerViewController.xib */ = {isa = PBXFileReference; lastKnownFileType = file.xib; path = UserManagerViewController.xib; sourceTree = "<group>"; };
		DE5BA1ED1FFFC6E80002E12B /* ApiError.swift */ = {isa = PBXFileReference; fileEncoding = 4; lastKnownFileType = sourcecode.swift; path = ApiError.swift; sourceTree = "<group>"; };
		DE5BA1EE1FFFC6E80002E12B /* ParameterEncoding.swift */ = {isa = PBXFileReference; fileEncoding = 4; lastKnownFileType = sourcecode.swift; path = ParameterEncoding.swift; sourceTree = "<group>"; };
		DE5BA1EF1FFFC6E80002E12B /* HTTPBody.swift */ = {isa = PBXFileReference; fileEncoding = 4; lastKnownFileType = sourcecode.swift; path = HTTPBody.swift; sourceTree = "<group>"; };
		DE5BA1F01FFFC6E80002E12B /* HTTPMethod.swift */ = {isa = PBXFileReference; fileEncoding = 4; lastKnownFileType = sourcecode.swift; path = HTTPMethod.swift; sourceTree = "<group>"; };
		DE5BA1F11FFFC6E80002E12B /* APIKeyParam.swift */ = {isa = PBXFileReference; fileEncoding = 4; lastKnownFileType = sourcecode.swift; path = APIKeyParam.swift; sourceTree = "<group>"; };
		DE5BA1F31FFFC6E80002E12B /* TargetType.swift */ = {isa = PBXFileReference; fileEncoding = 4; lastKnownFileType = sourcecode.swift; path = TargetType.swift; sourceTree = "<group>"; };
		DE5BA1F41FFFC6E80002E12B /* APIUtilities.swift */ = {isa = PBXFileReference; fileEncoding = 4; lastKnownFileType = sourcecode.swift; path = APIUtilities.swift; sourceTree = "<group>"; };
		DE5BA1F51FFFC6E80002E12B /* URLRequest+extension.swift */ = {isa = PBXFileReference; fileEncoding = 4; lastKnownFileType = sourcecode.swift; path = "URLRequest+extension.swift"; sourceTree = "<group>"; };
		DE5BA1F61FFFC6E80002E12B /* API.swift */ = {isa = PBXFileReference; fileEncoding = 4; lastKnownFileType = sourcecode.swift; path = API.swift; sourceTree = "<group>"; };
		DE5BA1F71FFFC6E80002E12B /* APIProvider.swift */ = {isa = PBXFileReference; fileEncoding = 4; lastKnownFileType = sourcecode.swift; path = APIProvider.swift; sourceTree = "<group>"; };
		DE5BA1F91FFFC6E80002E12B /* Data+extension.swift */ = {isa = PBXFileReference; fileEncoding = 4; lastKnownFileType = sourcecode.swift; path = "Data+extension.swift"; sourceTree = "<group>"; };
		DE5BA20B1FFFC75D0002E12B /* UISlider+extension.swift */ = {isa = PBXFileReference; fileEncoding = 4; lastKnownFileType = sourcecode.swift; path = "UISlider+extension.swift"; sourceTree = "<group>"; };
		DE5BA20C1FFFC75D0002E12B /* UIColor+extension.swift */ = {isa = PBXFileReference; fileEncoding = 4; lastKnownFileType = sourcecode.swift; path = "UIColor+extension.swift"; sourceTree = "<group>"; };
		DE5BA20D1FFFC75D0002E12B /* String+extension.swift */ = {isa = PBXFileReference; fileEncoding = 4; lastKnownFileType = sourcecode.swift; path = "String+extension.swift"; sourceTree = "<group>"; };
		DE5BA20E1FFFC75D0002E12B /* UIButton+extension.swift */ = {isa = PBXFileReference; fileEncoding = 4; lastKnownFileType = sourcecode.swift; path = "UIButton+extension.swift"; sourceTree = "<group>"; };
		DE5BA20F1FFFC75D0002E12B /* UICollection+extension.swift */ = {isa = PBXFileReference; fileEncoding = 4; lastKnownFileType = sourcecode.swift; path = "UICollection+extension.swift"; sourceTree = "<group>"; };
		DE5BA2101FFFC75D0002E12B /* UIScreen+extension.swift */ = {isa = PBXFileReference; fileEncoding = 4; lastKnownFileType = sourcecode.swift; path = "UIScreen+extension.swift"; sourceTree = "<group>"; };
		DE5BA2111FFFC75D0002E12B /* UITable+extension.swift */ = {isa = PBXFileReference; fileEncoding = 4; lastKnownFileType = sourcecode.swift; path = "UITable+extension.swift"; sourceTree = "<group>"; };
		DE5BA2121FFFC75D0002E12B /* UIApplication+extension.swift */ = {isa = PBXFileReference; fileEncoding = 4; lastKnownFileType = sourcecode.swift; path = "UIApplication+extension.swift"; sourceTree = "<group>"; };
		DE5BA2131FFFC75D0002E12B /* UIImage+extension.swift */ = {isa = PBXFileReference; fileEncoding = 4; lastKnownFileType = sourcecode.swift; path = "UIImage+extension.swift"; sourceTree = "<group>"; };
		DE5BA2141FFFC75D0002E12B /* UIWindow+extension.swift */ = {isa = PBXFileReference; fileEncoding = 4; lastKnownFileType = sourcecode.swift; path = "UIWindow+extension.swift"; sourceTree = "<group>"; };
		DE5BA2151FFFC75E0002E12B /* Date+extension.swift */ = {isa = PBXFileReference; fileEncoding = 4; lastKnownFileType = sourcecode.swift; path = "Date+extension.swift"; sourceTree = "<group>"; };
		DE5BA2161FFFC75E0002E12B /* ObservableType+extension.swift */ = {isa = PBXFileReference; fileEncoding = 4; lastKnownFileType = sourcecode.swift; path = "ObservableType+extension.swift"; sourceTree = "<group>"; };
		DE5BA2241FFFC8490002E12B /* LEVBaseViewController.swift */ = {isa = PBXFileReference; fileEncoding = 4; lastKnownFileType = sourcecode.swift; path = LEVBaseViewController.swift; sourceTree = "<group>"; };
		DE5BA2261FFFC8490002E12B /* LEVBaseViewXib.swift */ = {isa = PBXFileReference; fileEncoding = 4; lastKnownFileType = sourcecode.swift; path = LEVBaseViewXib.swift; sourceTree = "<group>"; };
		DE5BA2271FFFC8490002E12B /* LEVBaseView.swift */ = {isa = PBXFileReference; fileEncoding = 4; lastKnownFileType = sourcecode.swift; path = LEVBaseView.swift; sourceTree = "<group>"; };
		DE5BA2291FFFC8490002E12B /* LEVBaseCollectionCellXib.swift */ = {isa = PBXFileReference; fileEncoding = 4; lastKnownFileType = sourcecode.swift; path = LEVBaseCollectionCellXib.swift; sourceTree = "<group>"; };
		DE5BA22A1FFFC8490002E12B /* LEVBaseCollectionCell.swift */ = {isa = PBXFileReference; fileEncoding = 4; lastKnownFileType = sourcecode.swift; path = LEVBaseCollectionCell.swift; sourceTree = "<group>"; };
		DE5BA22C1FFFC8490002E12B /* LEVBaseTableCell.swift */ = {isa = PBXFileReference; fileEncoding = 4; lastKnownFileType = sourcecode.swift; path = LEVBaseTableCell.swift; sourceTree = "<group>"; };
		DE5BA22D1FFFC8490002E12B /* LEVBaseTableCellXib.swift */ = {isa = PBXFileReference; fileEncoding = 4; lastKnownFileType = sourcecode.swift; path = LEVBaseTableCellXib.swift; sourceTree = "<group>"; };
		DE5BA22F1FFFC84A0002E12B /* LEVPageViewController.swift */ = {isa = PBXFileReference; fileEncoding = 4; lastKnownFileType = sourcecode.swift; path = LEVPageViewController.swift; sourceTree = "<group>"; };
		DE5BA2301FFFC84A0002E12B /* LEVPageMenuView.swift */ = {isa = PBXFileReference; fileEncoding = 4; lastKnownFileType = sourcecode.swift; path = LEVPageMenuView.swift; sourceTree = "<group>"; };
		DE96864C2006590F00A2BEF3 /* LEVPercentView.swift */ = {isa = PBXFileReference; lastKnownFileType = sourcecode.swift; path = LEVPercentView.swift; sourceTree = "<group>"; };
		DEC9CD4B1FB6EECD0095EF8A /* Fabric.framework */ = {isa = PBXFileReference; lastKnownFileType = wrapper.framework; path = Fabric.framework; sourceTree = "<group>"; };
		DEC9CD4C1FB6EECD0095EF8A /* Crashlytics.framework */ = {isa = PBXFileReference; lastKnownFileType = wrapper.framework; path = Crashlytics.framework; sourceTree = "<group>"; };
		DEDF400520088E08002ACA82 /* FileManagerHelper.swift */ = {isa = PBXFileReference; lastKnownFileType = sourcecode.swift; path = FileManagerHelper.swift; sourceTree = "<group>"; };
		DEE657282003977A0080F65E /* KRealmHelper.swift */ = {isa = PBXFileReference; lastKnownFileType = sourcecode.swift; path = KRealmHelper.swift; sourceTree = "<group>"; };
		DEE914741FAF03F500FA9B63 /* LEVBaseCollectionViewCell.swift */ = {isa = PBXFileReference; lastKnownFileType = sourcecode.swift; path = LEVBaseCollectionViewCell.swift; sourceTree = "<group>"; };
		DEE914781FAF080F00FA9B63 /* UIViewX.swift */ = {isa = PBXFileReference; lastKnownFileType = sourcecode.swift; path = UIViewX.swift; sourceTree = "<group>"; };
		F76C6920FA06C5880C044AFC /* Pods-LearningEnglish.release.xcconfig */ = {isa = PBXFileReference; includeInIndex = 1; lastKnownFileType = text.xcconfig; name = "Pods-LearningEnglish.release.xcconfig"; path = "Pods/Target Support Files/Pods-LearningEnglish/Pods-LearningEnglish.release.xcconfig"; sourceTree = "<group>"; };
		FD1B0F4C1FAEABC400B9321D /* LogInViewController.swift */ = {isa = PBXFileReference; lastKnownFileType = sourcecode.swift; path = LogInViewController.swift; sourceTree = "<group>"; };
		FD1B0F4D1FAEABC400B9321D /* LogInViewController.xib */ = {isa = PBXFileReference; lastKnownFileType = file.xib; path = LogInViewController.xib; sourceTree = "<group>"; };
		FD1B0F501FAEAE5A00B9321D /* UIViewController+Extension.swift */ = {isa = PBXFileReference; lastKnownFileType = sourcecode.swift; path = "UIViewController+Extension.swift"; sourceTree = "<group>"; };
		FD1B0F5A1FAEB98400B9321D /* LEVTextField.swift */ = {isa = PBXFileReference; lastKnownFileType = sourcecode.swift; path = LEVTextField.swift; sourceTree = "<group>"; };
		FD1B0F5C1FAEBA4F00B9321D /* UIView+Extension.swift */ = {isa = PBXFileReference; lastKnownFileType = sourcecode.swift; path = "UIView+Extension.swift"; sourceTree = "<group>"; };
		FD1B0F5E1FAECE3300B9321D /* SignUpViewController.swift */ = {isa = PBXFileReference; lastKnownFileType = sourcecode.swift; path = SignUpViewController.swift; sourceTree = "<group>"; };
		FD1B0F5F1FAECE3300B9321D /* SignUpViewController.xib */ = {isa = PBXFileReference; lastKnownFileType = file.xib; path = SignUpViewController.xib; sourceTree = "<group>"; };
		FD79B10B1FD38E5000D533FC /* ListUnitViewController.swift */ = {isa = PBXFileReference; lastKnownFileType = sourcecode.swift; path = ListUnitViewController.swift; sourceTree = "<group>"; };
		FD79B10C1FD38E5000D533FC /* ListUnitViewController.xib */ = {isa = PBXFileReference; lastKnownFileType = file.xib; path = ListUnitViewController.xib; sourceTree = "<group>"; };
		FD79B1101FD38EA900D533FC /* ListUnitTableViewCell.swift */ = {isa = PBXFileReference; lastKnownFileType = sourcecode.swift; path = ListUnitTableViewCell.swift; sourceTree = "<group>"; };
		FD79B1111FD38EA900D533FC /* ListUnitTableViewCell.xib */ = {isa = PBXFileReference; lastKnownFileType = file.xib; path = ListUnitTableViewCell.xib; sourceTree = "<group>"; };
		FD79B1151FD394F700D533FC /* UnitDetailViewController.swift */ = {isa = PBXFileReference; lastKnownFileType = sourcecode.swift; path = UnitDetailViewController.swift; sourceTree = "<group>"; };
		FD79B1161FD394F700D533FC /* UnitDetailViewController.xib */ = {isa = PBXFileReference; lastKnownFileType = file.xib; path = UnitDetailViewController.xib; sourceTree = "<group>"; };
		FD79B11A1FD3985400D533FC /* UnitTableViewCell.swift */ = {isa = PBXFileReference; lastKnownFileType = sourcecode.swift; path = UnitTableViewCell.swift; sourceTree = "<group>"; };
		FD79B11B1FD3985400D533FC /* UnitTableViewCell.xib */ = {isa = PBXFileReference; lastKnownFileType = file.xib; path = UnitTableViewCell.xib; sourceTree = "<group>"; };
		FD79B11E1FD3A4FF00D533FC /* UnitPracticeTableViewCell.swift */ = {isa = PBXFileReference; lastKnownFileType = sourcecode.swift; path = UnitPracticeTableViewCell.swift; sourceTree = "<group>"; };
		FD79B11F1FD3A4FF00D533FC /* UnitPracticeTableViewCell.xib */ = {isa = PBXFileReference; lastKnownFileType = file.xib; path = UnitPracticeTableViewCell.xib; sourceTree = "<group>"; };
		FDCC28851FA075B2009728F1 /* Learning English Vocabulary Dev.app */ = {isa = PBXFileReference; explicitFileType = wrapper.application; includeInIndex = 0; path = "Learning English Vocabulary Dev.app"; sourceTree = BUILT_PRODUCTS_DIR; };
		FDCC28881FA075B2009728F1 /* AppDelegate.swift */ = {isa = PBXFileReference; lastKnownFileType = sourcecode.swift; path = AppDelegate.swift; sourceTree = "<group>"; };
		FDCC288F1FA075B2009728F1 /* Assets.xcassets */ = {isa = PBXFileReference; lastKnownFileType = folder.assetcatalog; path = Assets.xcassets; sourceTree = "<group>"; };
		FDCC28921FA075B2009728F1 /* Base */ = {isa = PBXFileReference; lastKnownFileType = file.storyboard; name = Base; path = Base.lproj/LaunchScreen.storyboard; sourceTree = "<group>"; };
		FDCC28941FA075B2009728F1 /* Info.plist */ = {isa = PBXFileReference; lastKnownFileType = text.plist.xml; path = Info.plist; sourceTree = "<group>"; };
		FDCC28A81FA07A5B009728F1 /* StartAppViewController.swift */ = {isa = PBXFileReference; lastKnownFileType = sourcecode.swift; path = StartAppViewController.swift; sourceTree = "<group>"; };
		FDCC28A91FA07A5B009728F1 /* StartAppViewController.xib */ = {isa = PBXFileReference; lastKnownFileType = file.xib; path = StartAppViewController.xib; sourceTree = "<group>"; };
		FDCC28AF1FA07E20009728F1 /* LEVConstant.swift */ = {isa = PBXFileReference; lastKnownFileType = sourcecode.swift; path = LEVConstant.swift; sourceTree = "<group>"; };
		FDCC28B11FA08EFE009728F1 /* LEVEnum.swift */ = {isa = PBXFileReference; lastKnownFileType = sourcecode.swift; path = LEVEnum.swift; sourceTree = "<group>"; };
/* End PBXFileReference section */

/* Begin PBXFrameworksBuildPhase section */
		FDCC28821FA075B2009728F1 /* Frameworks */ = {
			isa = PBXFrameworksBuildPhase;
			buildActionMask = 2147483647;
			files = (
				51E88EEB914F7B14ECBD46B7 /* Pods_LearningEnglish.framework in Frameworks */,
				DEC9CD4E1FB6EECD0095EF8A /* Crashlytics.framework in Frameworks */,
				DEC9CD4D1FB6EECD0095EF8A /* Fabric.framework in Frameworks */,
			);
			runOnlyForDeploymentPostprocessing = 0;
		};
/* End PBXFrameworksBuildPhase section */

/* Begin PBXGroup section */
		172870162016297100BD6DAF /* Practice */ = {
			isa = PBXGroup;
			children = (
				17287017201629BC00BD6DAF /* PracticeFirstGameVC.swift */,
				17287019201629EC00BD6DAF /* PracticeFirstGameVC.xib */,
			);
			path = Practice;
			sourceTree = "<group>";
		};
		1728701B20162C6300BD6DAF /* PracticeGameCell */ = {
			isa = PBXGroup;
			children = (
				1728701C20162E5500BD6DAF /* PracticeGameCell.swift */,
				1728701D20162E5500BD6DAF /* PracticeGameCell.xib */,
			);
			path = PracticeGameCell;
			sourceTree = "<group>";
		};
		172E745E200511FA00853D41 /* ListUnit */ = {
			isa = PBXGroup;
			children = (
				172E745F2005131500853D41 /* APIListUnit.swift */,
			);
			path = ListUnit;
			sourceTree = "<group>";
		};
		172E7462200517E100853D41 /* ListUnit */ = {
			isa = PBXGroup;
			children = (
				172E7463200517F500853D41 /* ListUnitViewModel.swift */,
			);
			path = ListUnit;
			sourceTree = "<group>";
		};
		5896FC1E26230FA78DF1F487 /* Pods */ = {
			isa = PBXGroup;
			children = (
				DEC9CD4C1FB6EECD0095EF8A /* Crashlytics.framework */,
				DEC9CD4B1FB6EECD0095EF8A /* Fabric.framework */,
				B7C2282A506E4C5F71A94DF3 /* Pods-LearningEnglish.debug.xcconfig */,
				F76C6920FA06C5880C044AFC /* Pods-LearningEnglish.release.xcconfig */,
				BC724E86A9F9BC8A97BA0F13 /* Pods-LearningEnglish.appstore.xcconfig */,
			);
			name = Pods;
			sourceTree = "<group>";
		};
		B752D6142005127100A3A2F3 /* UnitDetail */ = {
			isa = PBXGroup;
			children = (
				B752D6152005128B00A3A2F3 /* APIUnitDetail.swift */,
			);
			path = UnitDetail;
			sourceTree = "<group>";
		};
		B752D61720051DE500A3A2F3 /* UnitDetail */ = {
			isa = PBXGroup;
			children = (
				B752D61820051E0600A3A2F3 /* UnitDetailViewModel.swift */,
			);
			path = UnitDetail;
			sourceTree = "<group>";
		};
		DE527E49200089DE00D598DF /* Wordbook */ = {
			isa = PBXGroup;
			children = (
				DE527E4D20008A9500D598DF /* APIWordBook.swift */,
			);
			path = Wordbook;
			sourceTree = "<group>";
		};
		DE527E4A20008A0500D598DF /* Model */ = {
			isa = PBXGroup;
			children = (
				DE527E4B20008A1F00D598DF /* WordBook.swift */,
				B752D61A20051FBB00A3A2F3 /* Vocabulary.swift */,
				172E7466200523E300853D41 /* LEVUnit.swift */,
			);
			path = Model;
			sourceTree = "<group>";
		};
		DE527E4F20008DBA00D598DF /* WordBook */ = {
			isa = PBXGroup;
			children = (
				DE527E5A2000910100D598DF /* Cell */,
				DE527E5020008DD500D598DF /* WordBookViewController.swift */,
				DE527E5120008DD500D598DF /* WordBookViewController.xib */,
			);
			path = WordBook;
			sourceTree = "<group>";
		};
		DE527E5620008ED100D598DF /* ViewModels */ = {
			isa = PBXGroup;
			children = (
				B752D61720051DE500A3A2F3 /* UnitDetail */,
				172E7462200517E100853D41 /* ListUnit */,
				DE527E5720008ED100D598DF /* WordBook */,
			);
			path = ViewModels;
			sourceTree = "<group>";
		};
		DE527E5720008ED100D598DF /* WordBook */ = {
			isa = PBXGroup;
			children = (
				DE527E5820008EEF00D598DF /* WordBookViewModel.swift */,
			);
			path = WordBook;
			sourceTree = "<group>";
		};
		DE527E5A2000910100D598DF /* Cell */ = {
			isa = PBXGroup;
			children = (
				DE527E5C2000919400D598DF /* WorkBookCell.swift */,
				DE527E5D2000919400D598DF /* WorkBookCell.xib */,
			);
			path = Cell;
			sourceTree = "<group>";
		};
		DE527E602000B20000D598DF /* Tabbar */ = {
			isa = PBXGroup;
			children = (
				DE527E612000B20E00D598DF /* TabbarMainViewController.swift */,
			);
			path = Tabbar;
			sourceTree = "<group>";
		};
		DE527E632000B29F00D598DF /* Settings */ = {
			isa = PBXGroup;
			children = (
				DE527E642000B2E000D598DF /* SettingsViewController.swift */,
				DE527E652000B2E000D598DF /* SettingsViewController.xib */,
			);
			path = Settings;
			sourceTree = "<group>";
		};
		DE527E682000B31000D598DF /* UserManager */ = {
			isa = PBXGroup;
			children = (
				DE527E692000B33200D598DF /* UserManagerViewController.swift */,
				DE527E6A2000B33200D598DF /* UserManagerViewController.xib */,
			);
			path = UserManager;
			sourceTree = "<group>";
		};
		DE5BA1EA1FFFC6E80002E12B /* Network */ = {
			isa = PBXGroup;
			children = (
				DE527E4A20008A0500D598DF /* Model */,
				DE5BA1EB1FFFC6E80002E12B /* Misc */,
				DE5BA1FA1FFFC6E80002E12B /* Request */,
			);
			path = Network;
			sourceTree = "<group>";
		};
		DE5BA1EB1FFFC6E80002E12B /* Misc */ = {
			isa = PBXGroup;
			children = (
				DE5BA1EC1FFFC6E80002E12B /* EnumAPI */,
				DE5BA1F21FFFC6E80002E12B /* APIHelper */,
				DE5BA1F71FFFC6E80002E12B /* APIProvider.swift */,
				DE5BA1F81FFFC6E80002E12B /* ExtensionAPI */,
				DE281DF420079E1F0092A536 /* DownloadHelper.swift */,
			);
			path = Misc;
			sourceTree = "<group>";
		};
		DE5BA1EC1FFFC6E80002E12B /* EnumAPI */ = {
			isa = PBXGroup;
			children = (
				DE5BA1ED1FFFC6E80002E12B /* ApiError.swift */,
				DE5BA1EE1FFFC6E80002E12B /* ParameterEncoding.swift */,
				DE5BA1EF1FFFC6E80002E12B /* HTTPBody.swift */,
				DE5BA1F01FFFC6E80002E12B /* HTTPMethod.swift */,
				DE5BA1F11FFFC6E80002E12B /* APIKeyParam.swift */,
			);
			path = EnumAPI;
			sourceTree = "<group>";
		};
		DE5BA1F21FFFC6E80002E12B /* APIHelper */ = {
			isa = PBXGroup;
			children = (
				DE5BA1F31FFFC6E80002E12B /* TargetType.swift */,
				DE5BA1F41FFFC6E80002E12B /* APIUtilities.swift */,
				DE5BA1F51FFFC6E80002E12B /* URLRequest+extension.swift */,
				DE5BA1F61FFFC6E80002E12B /* API.swift */,
			);
			path = APIHelper;
			sourceTree = "<group>";
		};
		DE5BA1F81FFFC6E80002E12B /* ExtensionAPI */ = {
			isa = PBXGroup;
			children = (
				DE5BA1F91FFFC6E80002E12B /* Data+extension.swift */,
			);
			path = ExtensionAPI;
			sourceTree = "<group>";
		};
		DE5BA1FA1FFFC6E80002E12B /* Request */ = {
			isa = PBXGroup;
			children = (
				B752D6142005127100A3A2F3 /* UnitDetail */,
				172E745E200511FA00853D41 /* ListUnit */,
				DE527E49200089DE00D598DF /* Wordbook */,
			);
			path = Request;
			sourceTree = "<group>";
		};
		DE5BA2231FFFC8490002E12B /* Controller */ = {
			isa = PBXGroup;
			children = (
				DE5BA2241FFFC8490002E12B /* LEVBaseViewController.swift */,
			);
			path = Controller;
			sourceTree = "<group>";
		};
		DE5BA2251FFFC8490002E12B /* UIView */ = {
			isa = PBXGroup;
			children = (
				DE5BA2261FFFC8490002E12B /* LEVBaseViewXib.swift */,
				DE5BA2271FFFC8490002E12B /* LEVBaseView.swift */,
			);
			path = UIView;
			sourceTree = "<group>";
		};
		DE5BA2281FFFC8490002E12B /* CollectionCell */ = {
			isa = PBXGroup;
			children = (
				DE5BA2291FFFC8490002E12B /* LEVBaseCollectionCellXib.swift */,
				DE5BA22A1FFFC8490002E12B /* LEVBaseCollectionCell.swift */,
			);
			path = CollectionCell;
			sourceTree = "<group>";
		};
		DE5BA22B1FFFC8490002E12B /* UITableCell */ = {
			isa = PBXGroup;
			children = (
				DE5BA22C1FFFC8490002E12B /* LEVBaseTableCell.swift */,
				DE5BA22D1FFFC8490002E12B /* LEVBaseTableCellXib.swift */,
			);
			path = UITableCell;
			sourceTree = "<group>";
		};
		DE5BA22E1FFFC8490002E12B /* LEVPageViewController */ = {
			isa = PBXGroup;
			children = (
				DE5BA22F1FFFC84A0002E12B /* LEVPageViewController.swift */,
				DE5BA2301FFFC84A0002E12B /* LEVPageMenuView.swift */,
			);
			path = LEVPageViewController;
			sourceTree = "<group>";
		};
		DE96864B200658F400A2BEF3 /* LEVPercentView */ = {
			isa = PBXGroup;
			children = (
				DE96864C2006590F00A2BEF3 /* LEVPercentView.swift */,
			);
			path = LEVPercentView;
			sourceTree = "<group>";
		};
		DEE65727200397630080F65E /* Helper */ = {
			isa = PBXGroup;
			children = (
				DEE657282003977A0080F65E /* KRealmHelper.swift */,
				DEDF400520088E08002ACA82 /* FileManagerHelper.swift */,
			);
			path = Helper;
			sourceTree = "<group>";
		};
		DEE914731FAF031B00FA9B63 /* Base */ = {
			isa = PBXGroup;
			children = (
				DEE914741FAF03F500FA9B63 /* LEVBaseCollectionViewCell.swift */,
			);
			path = Base;
			sourceTree = "<group>";
		};
		DEE914771FAF080100FA9B63 /* UIViewX */ = {
			isa = PBXGroup;
			children = (
				DEE914781FAF080F00FA9B63 /* UIViewX.swift */,
			);
			path = UIViewX;
			sourceTree = "<group>";
		};
		E196BD26F0C814D9F10BBACC /* Frameworks */ = {
			isa = PBXGroup;
			children = (
				AB74314B60C719C34F0375BE /* Pods_LearningEnglish.framework */,
			);
			name = Frameworks;
			sourceTree = "<group>";
		};
		FD1B0F561FAEB92100B9321D /* BaseView */ = {
			isa = PBXGroup;
			children = (
				DE5BA2281FFFC8490002E12B /* CollectionCell */,
				DE5BA2231FFFC8490002E12B /* Controller */,
				DE5BA22E1FFFC8490002E12B /* LEVPageViewController */,
				DE5BA22B1FFFC8490002E12B /* UITableCell */,
				DE5BA2251FFFC8490002E12B /* UIView */,
			);
			path = BaseView;
			sourceTree = "<group>";
		};
		FD1B0F591FAEB96B00B9321D /* LEVTextField */ = {
			isa = PBXGroup;
			children = (
				FD1B0F5A1FAEB98400B9321D /* LEVTextField.swift */,
			);
			path = LEVTextField;
			sourceTree = "<group>";
		};
		FD79B10A1FD38E3600D533FC /* ListUnit */ = {
			isa = PBXGroup;
			children = (
				FD79B10B1FD38E5000D533FC /* ListUnitViewController.swift */,
				FD79B10C1FD38E5000D533FC /* ListUnitViewController.xib */,
			);
			path = ListUnit;
			sourceTree = "<group>";
		};
		FD79B10F1FD38E8500D533FC /* ListUnitTableViewCell */ = {
			isa = PBXGroup;
			children = (
				FD79B1101FD38EA900D533FC /* ListUnitTableViewCell.swift */,
				FD79B1111FD38EA900D533FC /* ListUnitTableViewCell.xib */,
			);
			path = ListUnitTableViewCell;
			sourceTree = "<group>";
		};
		FD79B1141FD394C700D533FC /* Unit */ = {
			isa = PBXGroup;
			children = (
				FD79B1151FD394F700D533FC /* UnitDetailViewController.swift */,
				FD79B1161FD394F700D533FC /* UnitDetailViewController.xib */,
			);
			path = Unit;
			sourceTree = "<group>";
		};
		FD79B1191FD3982900D533FC /* UnitTableViewCell */ = {
			isa = PBXGroup;
			children = (
				FD79B11A1FD3985400D533FC /* UnitTableViewCell.swift */,
				FD79B11B1FD3985400D533FC /* UnitTableViewCell.xib */,
				FD79B11E1FD3A4FF00D533FC /* UnitPracticeTableViewCell.swift */,
				FD79B11F1FD3A4FF00D533FC /* UnitPracticeTableViewCell.xib */,
			);
			path = UnitTableViewCell;
			sourceTree = "<group>";
		};
		FDCC287C1FA075B2009728F1 = {
			isa = PBXGroup;
			children = (
				FDCC28871FA075B2009728F1 /* LearningEnglish */,
				FDCC28861FA075B2009728F1 /* Products */,
				5896FC1E26230FA78DF1F487 /* Pods */,
				E196BD26F0C814D9F10BBACC /* Frameworks */,
			);
			sourceTree = "<group>";
		};
		FDCC28861FA075B2009728F1 /* Products */ = {
			isa = PBXGroup;
			children = (
				FDCC28851FA075B2009728F1 /* Learning English Vocabulary Dev.app */,
			);
			name = Products;
			sourceTree = "<group>";
		};
		FDCC28871FA075B2009728F1 /* LearningEnglish */ = {
			isa = PBXGroup;
			children = (
				FDCC28881FA075B2009728F1 /* AppDelegate.swift */,
				DE5BA1EA1FFFC6E80002E12B /* Network */,
				DE527E5620008ED100D598DF /* ViewModels */,
				FDCC289F1FA07680009728F1 /* Views */,
				FDCC289C1FA07651009728F1 /* General */,
				FDCC288F1FA075B2009728F1 /* Assets.xcassets */,
				FDCC28911FA075B2009728F1 /* LaunchScreen.storyboard */,
				FDCC28941FA075B2009728F1 /* Info.plist */,
			);
			path = LearningEnglish;
			sourceTree = "<group>";
		};
		FDCC289C1FA07651009728F1 /* General */ = {
			isa = PBXGroup;
			children = (
				DEE65727200397630080F65E /* Helper */,
				FDCC28A31FA076E0009728F1 /* Constant */,
				FDCC28A21FA076D5009728F1 /* Extension */,
			);
			path = General;
			sourceTree = "<group>";
		};
		FDCC289F1FA07680009728F1 /* Views */ = {
			isa = PBXGroup;
			children = (
				FDCC28A61FA07733009728F1 /* Controllers */,
				FDCC28A51FA07724009728F1 /* Cells */,
				FDCC28A41FA07710009728F1 /* CustomView */,
			);
			path = Views;
			sourceTree = "<group>";
		};
		FDCC28A21FA076D5009728F1 /* Extension */ = {
			isa = PBXGroup;
			children = (
				DE5BA2151FFFC75E0002E12B /* Date+extension.swift */,
				DE5BA2161FFFC75E0002E12B /* ObservableType+extension.swift */,
				DE5BA20D1FFFC75D0002E12B /* String+extension.swift */,
				DE5BA2121FFFC75D0002E12B /* UIApplication+extension.swift */,
				DE5BA20E1FFFC75D0002E12B /* UIButton+extension.swift */,
				DE5BA20F1FFFC75D0002E12B /* UICollection+extension.swift */,
				DE5BA20C1FFFC75D0002E12B /* UIColor+extension.swift */,
				DE5BA2131FFFC75D0002E12B /* UIImage+extension.swift */,
				DE5BA2101FFFC75D0002E12B /* UIScreen+extension.swift */,
				DE5BA20B1FFFC75D0002E12B /* UISlider+extension.swift */,
				DE5BA2111FFFC75D0002E12B /* UITable+extension.swift */,
				DE5BA2141FFFC75D0002E12B /* UIWindow+extension.swift */,
				FD1B0F501FAEAE5A00B9321D /* UIViewController+Extension.swift */,
				FD1B0F5C1FAEBA4F00B9321D /* UIView+Extension.swift */,
				17106C1B2007A52A0038C79E /* KBaseViewController+extension.swift */,
			);
			path = Extension;
			sourceTree = "<group>";
		};
		FDCC28A31FA076E0009728F1 /* Constant */ = {
			isa = PBXGroup;
			children = (
				FDCC28AF1FA07E20009728F1 /* LEVConstant.swift */,
				FDCC28B11FA08EFE009728F1 /* LEVEnum.swift */,
				17106C1D2007A68A0038C79E /* LEVConstantMessage.swift */,
			);
			path = Constant;
			sourceTree = "<group>";
		};
		FDCC28A41FA07710009728F1 /* CustomView */ = {
			isa = PBXGroup;
			children = (
				DE96864B200658F400A2BEF3 /* LEVPercentView */,
				DEE914771FAF080100FA9B63 /* UIViewX */,
				FD1B0F591FAEB96B00B9321D /* LEVTextField */,
				FD1B0F561FAEB92100B9321D /* BaseView */,
			);
			path = CustomView;
			sourceTree = "<group>";
		};
		FDCC28A51FA07724009728F1 /* Cells */ = {
			isa = PBXGroup;
			children = (
				1728701B20162C6300BD6DAF /* PracticeGameCell */,
				FD79B1191FD3982900D533FC /* UnitTableViewCell */,
				FD79B10F1FD38E8500D533FC /* ListUnitTableViewCell */,
				DEE914731FAF031B00FA9B63 /* Base */,
			);
			path = Cells;
			sourceTree = "<group>";
		};
		FDCC28A61FA07733009728F1 /* Controllers */ = {
			isa = PBXGroup;
			children = (
				172870162016297100BD6DAF /* Practice */,
				DE527E682000B31000D598DF /* UserManager */,
				DE527E632000B29F00D598DF /* Settings */,
				DE527E602000B20000D598DF /* Tabbar */,
				DE527E4F20008DBA00D598DF /* WordBook */,
				FD79B1141FD394C700D533FC /* Unit */,
				FD79B10A1FD38E3600D533FC /* ListUnit */,
				FDCC28A71FA07A1A009728F1 /* Login */,
			);
			path = Controllers;
			sourceTree = "<group>";
		};
		FDCC28A71FA07A1A009728F1 /* Login */ = {
			isa = PBXGroup;
			children = (
				FDCC28A81FA07A5B009728F1 /* StartAppViewController.swift */,
				FDCC28A91FA07A5B009728F1 /* StartAppViewController.xib */,
				FD1B0F4C1FAEABC400B9321D /* LogInViewController.swift */,
				FD1B0F4D1FAEABC400B9321D /* LogInViewController.xib */,
				FD1B0F5E1FAECE3300B9321D /* SignUpViewController.swift */,
				FD1B0F5F1FAECE3300B9321D /* SignUpViewController.xib */,
			);
			path = Login;
			sourceTree = "<group>";
		};
/* End PBXGroup section */

/* Begin PBXNativeTarget section */
		FDCC28841FA075B2009728F1 /* LearningEnglish */ = {
			isa = PBXNativeTarget;
			buildConfigurationList = FDCC28971FA075B2009728F1 /* Build configuration list for PBXNativeTarget "LearningEnglish" */;
			buildPhases = (
				E90FFA3E3C57124F0933805B /* [CP] Check Pods Manifest.lock */,
				FDCC28811FA075B2009728F1 /* Sources */,
				FDCC28821FA075B2009728F1 /* Frameworks */,
				FDCC28831FA075B2009728F1 /* Resources */,
				4F308E821007528EBB139150 /* [CP] Embed Pods Frameworks */,
				7D1E0E12DCC2A5A25E63E082 /* [CP] Copy Pods Resources */,
				DEE914761FAF044700FA9B63 /* ShellScript */,
				DEC9CD4A1FB6EE740095EF8A /* ShellScript */,
			);
			buildRules = (
			);
			dependencies = (
			);
			name = LearningEnglish;
			productName = LearningEnglish;
			productReference = FDCC28851FA075B2009728F1 /* Learning English Vocabulary Dev.app */;
			productType = "com.apple.product-type.application";
		};
/* End PBXNativeTarget section */

/* Begin PBXProject section */
		FDCC287D1FA075B2009728F1 /* Project object */ = {
			isa = PBXProject;
			attributes = {
				LastSwiftUpdateCheck = 0900;
				LastUpgradeCheck = 0900;
				ORGANIZATIONNAME = "Tien Dinh";
				TargetAttributes = {
					FDCC28841FA075B2009728F1 = {
						CreatedOnToolsVersion = 9.0.1;
						ProvisioningStyle = Automatic;
					};
				};
			};
			buildConfigurationList = FDCC28801FA075B2009728F1 /* Build configuration list for PBXProject "LearningEnglish" */;
			compatibilityVersion = "Xcode 8.0";
			developmentRegion = en;
			hasScannedForEncodings = 0;
			knownRegions = (
				en,
				Base,
			);
			mainGroup = FDCC287C1FA075B2009728F1;
			productRefGroup = FDCC28861FA075B2009728F1 /* Products */;
			projectDirPath = "";
			projectRoot = "";
			targets = (
				FDCC28841FA075B2009728F1 /* LearningEnglish */,
			);
		};
/* End PBXProject section */

/* Begin PBXResourcesBuildPhase section */
		FDCC28831FA075B2009728F1 /* Resources */ = {
			isa = PBXResourcesBuildPhase;
			buildActionMask = 2147483647;
			files = (
				DE527E5F2000919400D598DF /* WorkBookCell.xib in Resources */,
				FDCC28931FA075B2009728F1 /* LaunchScreen.storyboard in Resources */,
				FD79B11D1FD3985400D533FC /* UnitTableViewCell.xib in Resources */,
				FDCC28AB1FA07A5B009728F1 /* StartAppViewController.xib in Resources */,
				FDCC28901FA075B2009728F1 /* Assets.xcassets in Resources */,
				FD79B1131FD38EA900D533FC /* ListUnitTableViewCell.xib in Resources */,
				DE527E6C2000B33200D598DF /* UserManagerViewController.xib in Resources */,
				1728701A201629EC00BD6DAF /* PracticeFirstGameVC.xib in Resources */,
				FD79B1181FD394F700D533FC /* UnitDetailViewController.xib in Resources */,
				FD79B10E1FD38E5000D533FC /* ListUnitViewController.xib in Resources */,
				1728701F20162E5500BD6DAF /* PracticeGameCell.xib in Resources */,
				FD1B0F611FAECE3300B9321D /* SignUpViewController.xib in Resources */,
				DE527E672000B2E000D598DF /* SettingsViewController.xib in Resources */,
				FD79B1211FD3A4FF00D533FC /* UnitPracticeTableViewCell.xib in Resources */,
				DE527E5320008DD500D598DF /* WordBookViewController.xib in Resources */,
				FD1B0F4F1FAEABC400B9321D /* LogInViewController.xib in Resources */,
			);
			runOnlyForDeploymentPostprocessing = 0;
		};
/* End PBXResourcesBuildPhase section */

/* Begin PBXShellScriptBuildPhase section */
		4F308E821007528EBB139150 /* [CP] Embed Pods Frameworks */ = {
			isa = PBXShellScriptBuildPhase;
			buildActionMask = 2147483647;
			files = (
			);
			inputPaths = (
				"${SRCROOT}/Pods/Target Support Files/Pods-LearningEnglish/Pods-LearningEnglish-frameworks.sh",
				"${BUILT_PRODUCTS_DIR}/Action/Action.framework",
				"${BUILT_PRODUCTS_DIR}/Alamofire/Alamofire.framework",
				"${BUILT_PRODUCTS_DIR}/ObjectMapper/ObjectMapper.framework",
				"${BUILT_PRODUCTS_DIR}/Realm/Realm.framework",
				"${BUILT_PRODUCTS_DIR}/RealmSwift/RealmSwift.framework",
				"${BUILT_PRODUCTS_DIR}/RxCocoa/RxCocoa.framework",
				"${BUILT_PRODUCTS_DIR}/RxSwift/RxSwift.framework",
				"${BUILT_PRODUCTS_DIR}/SDWebImage/SDWebImage.framework",
				"${BUILT_PRODUCTS_DIR}/SwiftyJSON/SwiftyJSON.framework",
			);
			name = "[CP] Embed Pods Frameworks";
			outputPaths = (
				"${TARGET_BUILD_DIR}/${FRAMEWORKS_FOLDER_PATH}/Action.framework",
				"${TARGET_BUILD_DIR}/${FRAMEWORKS_FOLDER_PATH}/Alamofire.framework",
				"${TARGET_BUILD_DIR}/${FRAMEWORKS_FOLDER_PATH}/ObjectMapper.framework",
				"${TARGET_BUILD_DIR}/${FRAMEWORKS_FOLDER_PATH}/Realm.framework",
				"${TARGET_BUILD_DIR}/${FRAMEWORKS_FOLDER_PATH}/RealmSwift.framework",
				"${TARGET_BUILD_DIR}/${FRAMEWORKS_FOLDER_PATH}/RxCocoa.framework",
				"${TARGET_BUILD_DIR}/${FRAMEWORKS_FOLDER_PATH}/RxSwift.framework",
				"${TARGET_BUILD_DIR}/${FRAMEWORKS_FOLDER_PATH}/SDWebImage.framework",
				"${TARGET_BUILD_DIR}/${FRAMEWORKS_FOLDER_PATH}/SwiftyJSON.framework",
			);
			runOnlyForDeploymentPostprocessing = 0;
			shellPath = /bin/sh;
			shellScript = "\"${SRCROOT}/Pods/Target Support Files/Pods-LearningEnglish/Pods-LearningEnglish-frameworks.sh\"\n";
			showEnvVarsInLog = 0;
		};
		7D1E0E12DCC2A5A25E63E082 /* [CP] Copy Pods Resources */ = {
			isa = PBXShellScriptBuildPhase;
			buildActionMask = 2147483647;
			files = (
			);
			inputPaths = (
			);
			name = "[CP] Copy Pods Resources";
			outputPaths = (
			);
			runOnlyForDeploymentPostprocessing = 0;
			shellPath = /bin/sh;
			shellScript = "\"${SRCROOT}/Pods/Target Support Files/Pods-LearningEnglish/Pods-LearningEnglish-resources.sh\"\n";
			showEnvVarsInLog = 0;
		};
		DEC9CD4A1FB6EE740095EF8A /* ShellScript */ = {
			isa = PBXShellScriptBuildPhase;
			buildActionMask = 2147483647;
			files = (
			);
			inputPaths = (
			);
			outputPaths = (
			);
			runOnlyForDeploymentPostprocessing = 0;
			shellPath = /bin/sh;
			shellScript = "./Fabric.framework/run aed16a54a9d939707e0755e6e727909e8c4950ee 54fb1cc9d30afad5f97d8579c7d15bced41c9049c6132c0121d041020b74b5d1";
		};
		DEE914761FAF044700FA9B63 /* ShellScript */ = {
			isa = PBXShellScriptBuildPhase;
			buildActionMask = 2147483647;
			files = (
			);
			inputPaths = (
			);
			outputPaths = (
			);
			runOnlyForDeploymentPostprocessing = 0;
			shellPath = /bin/sh;
			shellScript = "if which swiftlint >/dev/null; then\nswiftlint\nelse\necho \"warning: SwiftLint not installed, download from https://github.com/realm/SwiftLint\"\nfi";
		};
		E90FFA3E3C57124F0933805B /* [CP] Check Pods Manifest.lock */ = {
			isa = PBXShellScriptBuildPhase;
			buildActionMask = 2147483647;
			files = (
			);
			inputPaths = (
				"${PODS_PODFILE_DIR_PATH}/Podfile.lock",
				"${PODS_ROOT}/Manifest.lock",
			);
			name = "[CP] Check Pods Manifest.lock";
			outputPaths = (
				"$(DERIVED_FILE_DIR)/Pods-LearningEnglish-checkManifestLockResult.txt",
			);
			runOnlyForDeploymentPostprocessing = 0;
			shellPath = /bin/sh;
			shellScript = "diff \"${PODS_PODFILE_DIR_PATH}/Podfile.lock\" \"${PODS_ROOT}/Manifest.lock\" > /dev/null\nif [ $? != 0 ] ; then\n    # print error to STDERR\n    echo \"error: The sandbox is not in sync with the Podfile.lock. Run 'pod install' or update your CocoaPods installation.\" >&2\n    exit 1\nfi\n# This output is used by Xcode 'outputs' to avoid re-running this script phase.\necho \"SUCCESS\" > \"${SCRIPT_OUTPUT_FILE_0}\"\n";
			showEnvVarsInLog = 0;
		};
/* End PBXShellScriptBuildPhase section */

/* Begin PBXSourcesBuildPhase section */
		FDCC28811FA075B2009728F1 /* Sources */ = {
			isa = PBXSourcesBuildPhase;
			buildActionMask = 2147483647;
			files = (
				FD1B0F5B1FAEB98400B9321D /* LEVTextField.swift in Sources */,
				DE5BA21D1FFFC75E0002E12B /* UITable+extension.swift in Sources */,
				FD1B0F511FAEAE5A00B9321D /* UIViewController+Extension.swift in Sources */,
				FD79B1171FD394F700D533FC /* UnitDetailViewController.swift in Sources */,
				DE527E6B2000B33200D598DF /* UserManagerViewController.swift in Sources */,
				DE5BA2371FFFC84A0002E12B /* LEVBaseTableCellXib.swift in Sources */,
				DE5BA2381FFFC84A0002E12B /* LEVPageViewController.swift in Sources */,
				DE5BA2181FFFC75E0002E12B /* UIColor+extension.swift in Sources */,
				DE96864D2006590F00A2BEF3 /* LEVPercentView.swift in Sources */,
				FD79B1201FD3A4FF00D533FC /* UnitPracticeTableViewCell.swift in Sources */,
				DEDF400620088E08002ACA82 /* FileManagerHelper.swift in Sources */,
				DE527E4E20008A9500D598DF /* APIWordBook.swift in Sources */,
				B752D61B20051FBB00A3A2F3 /* Vocabulary.swift in Sources */,
				DE5BA1FE1FFFC6E80002E12B /* ApiError.swift in Sources */,
				DE5BA2021FFFC6E80002E12B /* APIKeyParam.swift in Sources */,
				DE5BA2191FFFC75E0002E12B /* String+extension.swift in Sources */,
				DE5BA2081FFFC6E80002E12B /* Data+extension.swift in Sources */,
				17106C1C2007A52A0038C79E /* KBaseViewController+extension.swift in Sources */,
				FD1B0F5D1FAEBA4F00B9321D /* UIView+Extension.swift in Sources */,
				DE5BA2011FFFC6E80002E12B /* HTTPMethod.swift in Sources */,
				DE5BA2391FFFC84A0002E12B /* LEVPageMenuView.swift in Sources */,
				FD79B11C1FD3985400D533FC /* UnitTableViewCell.swift in Sources */,
				FDCC28B21FA08EFE009728F1 /* LEVEnum.swift in Sources */,
				DE527E5220008DD500D598DF /* WordBookViewController.swift in Sources */,
				DE5BA2341FFFC84A0002E12B /* LEVBaseCollectionCellXib.swift in Sources */,
				DE5BA21C1FFFC75E0002E12B /* UIScreen+extension.swift in Sources */,
				FD79B1121FD38EA900D533FC /* ListUnitTableViewCell.swift in Sources */,
				172E7464200517F500853D41 /* ListUnitViewModel.swift in Sources */,
				DE527E662000B2E000D598DF /* SettingsViewController.swift in Sources */,
				DEE914791FAF080F00FA9B63 /* UIViewX.swift in Sources */,
				DE527E5920008EEF00D598DF /* WordBookViewModel.swift in Sources */,
				FD1B0F4E1FAEABC400B9321D /* LogInViewController.swift in Sources */,
				DE5BA2071FFFC6E80002E12B /* APIProvider.swift in Sources */,
				DE527E5E2000919400D598DF /* WorkBookCell.swift in Sources */,
				DE527E4C20008A1F00D598DF /* WordBook.swift in Sources */,
				DE5BA21E1FFFC75E0002E12B /* UIApplication+extension.swift in Sources */,
				172E7467200523E300853D41 /* LEVUnit.swift in Sources */,
				172E74602005131500853D41 /* APIListUnit.swift in Sources */,
				DE5BA2201FFFC75E0002E12B /* UIWindow+extension.swift in Sources */,
				DEE657292003977A0080F65E /* KRealmHelper.swift in Sources */,
				DE5BA2351FFFC84A0002E12B /* LEVBaseCollectionCell.swift in Sources */,
				DE5BA21A1FFFC75E0002E12B /* UIButton+extension.swift in Sources */,
				DEE914751FAF03F500FA9B63 /* LEVBaseCollectionViewCell.swift in Sources */,
				DE527E622000B20E00D598DF /* TabbarMainViewController.swift in Sources */,
				DE5BA2171FFFC75E0002E12B /* UISlider+extension.swift in Sources */,
				DE5BA2051FFFC6E80002E12B /* URLRequest+extension.swift in Sources */,
				DE5BA2031FFFC6E80002E12B /* TargetType.swift in Sources */,
				B752D61920051E0600A3A2F3 /* UnitDetailViewModel.swift in Sources */,
				DE5BA2321FFFC84A0002E12B /* LEVBaseViewXib.swift in Sources */,
				DE281DF520079E1F0092A536 /* DownloadHelper.swift in Sources */,
				DE5BA1FF1FFFC6E80002E12B /* ParameterEncoding.swift in Sources */,
				DE5BA2061FFFC6E80002E12B /* API.swift in Sources */,
				FDCC28B01FA07E20009728F1 /* LEVConstant.swift in Sources */,
				DE5BA21F1FFFC75E0002E12B /* UIImage+extension.swift in Sources */,
				1728701E20162E5500BD6DAF /* PracticeGameCell.swift in Sources */,
				DE5BA2211FFFC75E0002E12B /* Date+extension.swift in Sources */,
				DE5BA2221FFFC75E0002E12B /* ObservableType+extension.swift in Sources */,
				DE5BA2311FFFC84A0002E12B /* LEVBaseViewController.swift in Sources */,
				DE5BA21B1FFFC75E0002E12B /* UICollection+extension.swift in Sources */,
				B752D6162005128B00A3A2F3 /* APIUnitDetail.swift in Sources */,
				DE5BA2331FFFC84A0002E12B /* LEVBaseView.swift in Sources */,
				FDCC28AA1FA07A5B009728F1 /* StartAppViewController.swift in Sources */,
				FD79B10D1FD38E5000D533FC /* ListUnitViewController.swift in Sources */,
				FD1B0F601FAECE3300B9321D /* SignUpViewController.swift in Sources */,
				FDCC28891FA075B2009728F1 /* AppDelegate.swift in Sources */,
				DE5BA2361FFFC84A0002E12B /* LEVBaseTableCell.swift in Sources */,
				DE5BA2041FFFC6E80002E12B /* APIUtilities.swift in Sources */,
				17287018201629BC00BD6DAF /* PracticeFirstGameVC.swift in Sources */,
				DE5BA2001FFFC6E80002E12B /* HTTPBody.swift in Sources */,
				17106C1E2007A68A0038C79E /* LEVConstantMessage.swift in Sources */,
			);
			runOnlyForDeploymentPostprocessing = 0;
		};
/* End PBXSourcesBuildPhase section */

/* Begin PBXVariantGroup section */
		FDCC28911FA075B2009728F1 /* LaunchScreen.storyboard */ = {
			isa = PBXVariantGroup;
			children = (
				FDCC28921FA075B2009728F1 /* Base */,
			);
			name = LaunchScreen.storyboard;
			sourceTree = "<group>";
		};
/* End PBXVariantGroup section */

/* Begin XCBuildConfiguration section */
		DEC9CD481FB6E1E40095EF8A /* Appstore */ = {
			isa = XCBuildConfiguration;
			buildSettings = {
				ALWAYS_SEARCH_USER_PATHS = NO;
				CLANG_ANALYZER_NONNULL = YES;
				CLANG_ANALYZER_NUMBER_OBJECT_CONVERSION = YES_AGGRESSIVE;
				CLANG_CXX_LANGUAGE_STANDARD = "gnu++14";
				CLANG_CXX_LIBRARY = "libc++";
				CLANG_ENABLE_MODULES = YES;
				CLANG_ENABLE_OBJC_ARC = YES;
				CLANG_WARN_BLOCK_CAPTURE_AUTORELEASING = YES;
				CLANG_WARN_BOOL_CONVERSION = YES;
				CLANG_WARN_COMMA = YES;
				CLANG_WARN_CONSTANT_CONVERSION = YES;
				CLANG_WARN_DIRECT_OBJC_ISA_USAGE = YES_ERROR;
				CLANG_WARN_DOCUMENTATION_COMMENTS = YES;
				CLANG_WARN_EMPTY_BODY = YES;
				CLANG_WARN_ENUM_CONVERSION = YES;
				CLANG_WARN_INFINITE_RECURSION = YES;
				CLANG_WARN_INT_CONVERSION = YES;
				CLANG_WARN_NON_LITERAL_NULL_CONVERSION = YES;
				CLANG_WARN_OBJC_LITERAL_CONVERSION = YES;
				CLANG_WARN_OBJC_ROOT_CLASS = YES_ERROR;
				CLANG_WARN_RANGE_LOOP_ANALYSIS = YES;
				CLANG_WARN_STRICT_PROTOTYPES = YES;
				CLANG_WARN_SUSPICIOUS_MOVE = YES;
				CLANG_WARN_UNGUARDED_AVAILABILITY = YES_AGGRESSIVE;
				CLANG_WARN_UNREACHABLE_CODE = YES;
				CLANG_WARN__DUPLICATE_METHOD_MATCH = YES;
				CODE_SIGN_IDENTITY = "iPhone Developer";
				COPY_PHASE_STRIP = NO;
				DEBUG_INFORMATION_FORMAT = "dwarf-with-dsym";
				ENABLE_NS_ASSERTIONS = NO;
				ENABLE_STRICT_OBJC_MSGSEND = YES;
				GCC_C_LANGUAGE_STANDARD = gnu11;
				GCC_NO_COMMON_BLOCKS = YES;
				GCC_WARN_64_TO_32_BIT_CONVERSION = YES;
				GCC_WARN_ABOUT_RETURN_TYPE = YES_ERROR;
				GCC_WARN_UNDECLARED_SELECTOR = YES;
				GCC_WARN_UNINITIALIZED_AUTOS = YES_AGGRESSIVE;
				GCC_WARN_UNUSED_FUNCTION = YES;
				GCC_WARN_UNUSED_VARIABLE = YES;
				IPHONEOS_DEPLOYMENT_TARGET = 11.0;
				MTL_ENABLE_DEBUG_INFO = NO;
				SDKROOT = iphoneos;
				SWIFT_OPTIMIZATION_LEVEL = "-Owholemodule";
				VALIDATE_PRODUCT = YES;
			};
			name = Appstore;
		};
		DEC9CD491FB6E1E40095EF8A /* Appstore */ = {
			isa = XCBuildConfiguration;
			baseConfigurationReference = BC724E86A9F9BC8A97BA0F13 /* Pods-LearningEnglish.appstore.xcconfig */;
			buildSettings = {
				ASSETCATALOG_COMPILER_APPICON_NAME = AppIcon;
				CODE_SIGN_IDENTITY = "iPhone Developer: felix@vinova.sg (FX9P8DR46H)";
				"CODE_SIGN_IDENTITY[sdk=iphoneos*]" = "iPhone Developer: felix@vinova.sg (FX9P8DR46H)";
				CODE_SIGN_STYLE = Automatic;
				DEVELOPMENT_TEAM = 9RY67X28Z6;
				FRAMEWORK_SEARCH_PATHS = (
					"$(inherited)",
					"$(PROJECT_DIR)",
				);
				INFOPLIST_FILE = LearningEnglish/Info.plist;
				IPHONEOS_DEPLOYMENT_TARGET = 9.0;
				LD_RUNPATH_SEARCH_PATHS = "$(inherited) @executable_path/Frameworks";
				PRODUCT_BUNDLE_IDENTIFIER = kai.com.learningenglish;
				PRODUCT_NAME = "Learning English Vocabulary";
				PROVISIONING_PROFILE = "";
				PROVISIONING_PROFILE_SPECIFIER = "";
				SWIFT_VERSION = 4.0;
				TARGETED_DEVICE_FAMILY = "1,2";
			};
			name = Appstore;
		};
		FDCC28951FA075B2009728F1 /* Debug */ = {
			isa = XCBuildConfiguration;
			buildSettings = {
				ALWAYS_SEARCH_USER_PATHS = NO;
				CLANG_ANALYZER_NONNULL = YES;
				CLANG_ANALYZER_NUMBER_OBJECT_CONVERSION = YES_AGGRESSIVE;
				CLANG_CXX_LANGUAGE_STANDARD = "gnu++14";
				CLANG_CXX_LIBRARY = "libc++";
				CLANG_ENABLE_MODULES = YES;
				CLANG_ENABLE_OBJC_ARC = YES;
				CLANG_WARN_BLOCK_CAPTURE_AUTORELEASING = YES;
				CLANG_WARN_BOOL_CONVERSION = YES;
				CLANG_WARN_COMMA = YES;
				CLANG_WARN_CONSTANT_CONVERSION = YES;
				CLANG_WARN_DIRECT_OBJC_ISA_USAGE = YES_ERROR;
				CLANG_WARN_DOCUMENTATION_COMMENTS = YES;
				CLANG_WARN_EMPTY_BODY = YES;
				CLANG_WARN_ENUM_CONVERSION = YES;
				CLANG_WARN_INFINITE_RECURSION = YES;
				CLANG_WARN_INT_CONVERSION = YES;
				CLANG_WARN_NON_LITERAL_NULL_CONVERSION = YES;
				CLANG_WARN_OBJC_LITERAL_CONVERSION = YES;
				CLANG_WARN_OBJC_ROOT_CLASS = YES_ERROR;
				CLANG_WARN_RANGE_LOOP_ANALYSIS = YES;
				CLANG_WARN_STRICT_PROTOTYPES = YES;
				CLANG_WARN_SUSPICIOUS_MOVE = YES;
				CLANG_WARN_UNGUARDED_AVAILABILITY = YES_AGGRESSIVE;
				CLANG_WARN_UNREACHABLE_CODE = YES;
				CLANG_WARN__DUPLICATE_METHOD_MATCH = YES;
				CODE_SIGN_IDENTITY = "iPhone Developer";
				COPY_PHASE_STRIP = NO;
				DEBUG_INFORMATION_FORMAT = dwarf;
				ENABLE_STRICT_OBJC_MSGSEND = YES;
				ENABLE_TESTABILITY = YES;
				GCC_C_LANGUAGE_STANDARD = gnu11;
				GCC_DYNAMIC_NO_PIC = NO;
				GCC_NO_COMMON_BLOCKS = YES;
				GCC_OPTIMIZATION_LEVEL = 0;
				GCC_PREPROCESSOR_DEFINITIONS = (
					"DEBUG=1",
					"$(inherited)",
				);
				GCC_WARN_64_TO_32_BIT_CONVERSION = YES;
				GCC_WARN_ABOUT_RETURN_TYPE = YES_ERROR;
				GCC_WARN_UNDECLARED_SELECTOR = YES;
				GCC_WARN_UNINITIALIZED_AUTOS = YES_AGGRESSIVE;
				GCC_WARN_UNUSED_FUNCTION = YES;
				GCC_WARN_UNUSED_VARIABLE = YES;
				IPHONEOS_DEPLOYMENT_TARGET = 11.0;
				MTL_ENABLE_DEBUG_INFO = YES;
				ONLY_ACTIVE_ARCH = YES;
				SDKROOT = iphoneos;
				SWIFT_ACTIVE_COMPILATION_CONDITIONS = DEBUG;
				SWIFT_OPTIMIZATION_LEVEL = "-Onone";
			};
			name = Debug;
		};
		FDCC28961FA075B2009728F1 /* Release */ = {
			isa = XCBuildConfiguration;
			buildSettings = {
				ALWAYS_SEARCH_USER_PATHS = NO;
				CLANG_ANALYZER_NONNULL = YES;
				CLANG_ANALYZER_NUMBER_OBJECT_CONVERSION = YES_AGGRESSIVE;
				CLANG_CXX_LANGUAGE_STANDARD = "gnu++14";
				CLANG_CXX_LIBRARY = "libc++";
				CLANG_ENABLE_MODULES = YES;
				CLANG_ENABLE_OBJC_ARC = YES;
				CLANG_WARN_BLOCK_CAPTURE_AUTORELEASING = YES;
				CLANG_WARN_BOOL_CONVERSION = YES;
				CLANG_WARN_COMMA = YES;
				CLANG_WARN_CONSTANT_CONVERSION = YES;
				CLANG_WARN_DIRECT_OBJC_ISA_USAGE = YES_ERROR;
				CLANG_WARN_DOCUMENTATION_COMMENTS = YES;
				CLANG_WARN_EMPTY_BODY = YES;
				CLANG_WARN_ENUM_CONVERSION = YES;
				CLANG_WARN_INFINITE_RECURSION = YES;
				CLANG_WARN_INT_CONVERSION = YES;
				CLANG_WARN_NON_LITERAL_NULL_CONVERSION = YES;
				CLANG_WARN_OBJC_LITERAL_CONVERSION = YES;
				CLANG_WARN_OBJC_ROOT_CLASS = YES_ERROR;
				CLANG_WARN_RANGE_LOOP_ANALYSIS = YES;
				CLANG_WARN_STRICT_PROTOTYPES = YES;
				CLANG_WARN_SUSPICIOUS_MOVE = YES;
				CLANG_WARN_UNGUARDED_AVAILABILITY = YES_AGGRESSIVE;
				CLANG_WARN_UNREACHABLE_CODE = YES;
				CLANG_WARN__DUPLICATE_METHOD_MATCH = YES;
				CODE_SIGN_IDENTITY = "iPhone Developer";
				COPY_PHASE_STRIP = NO;
				DEBUG_INFORMATION_FORMAT = "dwarf-with-dsym";
				ENABLE_NS_ASSERTIONS = NO;
				ENABLE_STRICT_OBJC_MSGSEND = YES;
				GCC_C_LANGUAGE_STANDARD = gnu11;
				GCC_NO_COMMON_BLOCKS = YES;
				GCC_WARN_64_TO_32_BIT_CONVERSION = YES;
				GCC_WARN_ABOUT_RETURN_TYPE = YES_ERROR;
				GCC_WARN_UNDECLARED_SELECTOR = YES;
				GCC_WARN_UNINITIALIZED_AUTOS = YES_AGGRESSIVE;
				GCC_WARN_UNUSED_FUNCTION = YES;
				GCC_WARN_UNUSED_VARIABLE = YES;
				IPHONEOS_DEPLOYMENT_TARGET = 11.0;
				MTL_ENABLE_DEBUG_INFO = NO;
				SDKROOT = iphoneos;
				SWIFT_OPTIMIZATION_LEVEL = "-Owholemodule";
				VALIDATE_PRODUCT = YES;
			};
			name = Release;
		};
		FDCC28981FA075B2009728F1 /* Debug */ = {
			isa = XCBuildConfiguration;
			baseConfigurationReference = B7C2282A506E4C5F71A94DF3 /* Pods-LearningEnglish.debug.xcconfig */;
			buildSettings = {
				ASSETCATALOG_COMPILER_APPICON_NAME = AppIcon;
				CODE_SIGN_IDENTITY = "iPhone Developer: felix@vinova.sg (FX9P8DR46H)";
				"CODE_SIGN_IDENTITY[sdk=iphoneos*]" = "iPhone Developer: felix@vinova.sg (FX9P8DR46H)";
				CODE_SIGN_STYLE = Automatic;
				DEVELOPMENT_TEAM = 9RY67X28Z6;
				FRAMEWORK_SEARCH_PATHS = (
					"$(inherited)",
					"$(PROJECT_DIR)",
				);
				INFOPLIST_FILE = LearningEnglish/Info.plist;
				IPHONEOS_DEPLOYMENT_TARGET = 9.0;
				LD_RUNPATH_SEARCH_PATHS = "$(inherited) @executable_path/Frameworks";
				PRODUCT_BUNDLE_IDENTIFIER = kai.com.learningenglish;
				PRODUCT_NAME = "Learning English Vocabulary Dev";
				PROVISIONING_PROFILE = "";
				PROVISIONING_PROFILE_SPECIFIER = "";
				SWIFT_VERSION = 4.0;
				TARGETED_DEVICE_FAMILY = "1,2";
			};
			name = Debug;
		};
		FDCC28991FA075B2009728F1 /* Release */ = {
			isa = XCBuildConfiguration;
			baseConfigurationReference = F76C6920FA06C5880C044AFC /* Pods-LearningEnglish.release.xcconfig */;
			buildSettings = {
				ASSETCATALOG_COMPILER_APPICON_NAME = AppIcon;
				CODE_SIGN_IDENTITY = "iPhone Developer: felix@vinova.sg (FX9P8DR46H)";
				"CODE_SIGN_IDENTITY[sdk=iphoneos*]" = "iPhone Developer: felix@vinova.sg (FX9P8DR46H)";
				CODE_SIGN_STYLE = Automatic;
				DEVELOPMENT_TEAM = 9RY67X28Z6;
				FRAMEWORK_SEARCH_PATHS = (
					"$(inherited)",
					"$(PROJECT_DIR)",
				);
				INFOPLIST_FILE = LearningEnglish/Info.plist;
				IPHONEOS_DEPLOYMENT_TARGET = 9.0;
				LD_RUNPATH_SEARCH_PATHS = "$(inherited) @executable_path/Frameworks";
				PRODUCT_BUNDLE_IDENTIFIER = kai.com.learningenglish;
				PRODUCT_NAME = "Learning English Vocabulary Dev";
				PROVISIONING_PROFILE = "";
				PROVISIONING_PROFILE_SPECIFIER = "";
				SWIFT_VERSION = 4.0;
				TARGETED_DEVICE_FAMILY = "1,2";
			};
			name = Release;
		};
/* End XCBuildConfiguration section */

/* Begin XCConfigurationList section */
		FDCC28801FA075B2009728F1 /* Build configuration list for PBXProject "LearningEnglish" */ = {
			isa = XCConfigurationList;
			buildConfigurations = (
				FDCC28951FA075B2009728F1 /* Debug */,
				FDCC28961FA075B2009728F1 /* Release */,
				DEC9CD481FB6E1E40095EF8A /* Appstore */,
			);
			defaultConfigurationIsVisible = 0;
			defaultConfigurationName = Release;
		};
		FDCC28971FA075B2009728F1 /* Build configuration list for PBXNativeTarget "LearningEnglish" */ = {
			isa = XCConfigurationList;
			buildConfigurations = (
				FDCC28981FA075B2009728F1 /* Debug */,
				FDCC28991FA075B2009728F1 /* Release */,
				DEC9CD491FB6E1E40095EF8A /* Appstore */,
			);
			defaultConfigurationIsVisible = 0;
			defaultConfigurationName = Release;
		};
/* End XCConfigurationList section */
	};
	rootObject = FDCC287D1FA075B2009728F1 /* Project object */;
}
